// !$*UTF8*$!
{
	archiveVersion = 1;
	classes = {
	};
	objectVersion = 56;
	objects = {

/* Begin PBXBuildFile section */
		002ABF6B2C73A3A100FFCC86 /* carQuestApp.swift in Sources */ = {isa = PBXBuildFile; fileRef = 002ABF6A2C73A3A100FFCC86 /* carQuestApp.swift */; };
		002ABF6D2C73A3A100FFCC86 /* ContentView.swift in Sources */ = {isa = PBXBuildFile; fileRef = 002ABF6C2C73A3A100FFCC86 /* ContentView.swift */; };
		002ABF6F2C73A3A300FFCC86 /* Assets.xcassets in Resources */ = {isa = PBXBuildFile; fileRef = 002ABF6E2C73A3A300FFCC86 /* Assets.xcassets */; };
		002ABF722C73A3A300FFCC86 /* Preview Assets.xcassets in Resources */ = {isa = PBXBuildFile; fileRef = 002ABF712C73A3A300FFCC86 /* Preview Assets.xcassets */; };
		0042038F2C7622EA00B7FFCD /* Jost-Regular.ttf in Resources */ = {isa = PBXBuildFile; fileRef = 0042038E2C7622E900B7FFCD /* Jost-Regular.ttf */; };
		00BF079C2C80D21E000404AA /* listingCreation.swift in Sources */ = {isa = PBXBuildFile; fileRef = 00BF079B2C80D21E000404AA /* listingCreation.swift */; };
		00E32F042C763EC100840AAA /* ZingRustDemo-Base.otf in Resources */ = {isa = PBXBuildFile; fileRef = 00E32F032C763EC100840AAA /* ZingRustDemo-Base.otf */; };
		00FB293D2C7E2A1600A67EF1 /* SignInView.swift in Sources */ = {isa = PBXBuildFile; fileRef = 00FB293C2C7E2A1600A67EF1 /* SignInView.swift */; };
		22C6DF092C91D31A00F41EB3 /* SignUpView.swift in Sources */ = {isa = PBXBuildFile; fileRef = 22C6DF082C91D31A00F41EB3 /* SignUpView.swift */; };
/* End PBXBuildFile section */

/* Begin PBXFileReference section */
		002ABF672C73A3A100FFCC86 /* carQuest.app */ = {isa = PBXFileReference; explicitFileType = wrapper.application; includeInIndex = 0; path = carQuest.app; sourceTree = BUILT_PRODUCTS_DIR; };
		002ABF6A2C73A3A100FFCC86 /* carQuestApp.swift */ = {isa = PBXFileReference; lastKnownFileType = sourcecode.swift; path = carQuestApp.swift; sourceTree = "<group>"; };
		002ABF6C2C73A3A100FFCC86 /* ContentView.swift */ = {isa = PBXFileReference; lastKnownFileType = sourcecode.swift; path = ContentView.swift; sourceTree = "<group>"; };
		002ABF6E2C73A3A300FFCC86 /* Assets.xcassets */ = {isa = PBXFileReference; lastKnownFileType = folder.assetcatalog; path = Assets.xcassets; sourceTree = "<group>"; };
		002ABF712C73A3A300FFCC86 /* Preview Assets.xcassets */ = {isa = PBXFileReference; lastKnownFileType = folder.assetcatalog; path = "Preview Assets.xcassets"; sourceTree = "<group>"; };
		0042038E2C7622E900B7FFCD /* Jost-Regular.ttf */ = {isa = PBXFileReference; lastKnownFileType = file; path = "Jost-Regular.ttf"; sourceTree = "<group>"; };
		004203902C76233000B7FFCD /* Info.plist */ = {isa = PBXFileReference; lastKnownFileType = text.plist; path = Info.plist; sourceTree = "<group>"; };
		00BF079B2C80D21E000404AA /* listingCreation.swift */ = {isa = PBXFileReference; lastKnownFileType = sourcecode.swift; path = listingCreation.swift; sourceTree = "<group>"; };
		00E32F032C763EC100840AAA /* ZingRustDemo-Base.otf */ = {isa = PBXFileReference; lastKnownFileType = file; path = "ZingRustDemo-Base.otf"; sourceTree = "<group>"; };
		00FB293C2C7E2A1600A67EF1 /* SignInView.swift */ = {isa = PBXFileReference; lastKnownFileType = sourcecode.swift; path = SignInView.swift; sourceTree = "<group>"; };
		22C6DF082C91D31A00F41EB3 /* SignUpView.swift */ = {isa = PBXFileReference; lastKnownFileType = sourcecode.swift; path = SignUpView.swift; sourceTree = "<group>"; };
/* End PBXFileReference section */

/* Begin PBXFrameworksBuildPhase section */
		002ABF642C73A3A100FFCC86 /* Frameworks */ = {
			isa = PBXFrameworksBuildPhase;
			buildActionMask = 2147483647;
			files = (
			);
			runOnlyForDeploymentPostprocessing = 0;
		};
/* End PBXFrameworksBuildPhase section */

/* Begin PBXGroup section */
		002ABF5E2C73A3A100FFCC86 = {
			isa = PBXGroup;
			children = (
				002ABF692C73A3A100FFCC86 /* carQuest */,
				002ABF682C73A3A100FFCC86 /* Products */,
			);
			sourceTree = "<group>";
		};
		002ABF682C73A3A100FFCC86 /* Products */ = {
			isa = PBXGroup;
			children = (
				002ABF672C73A3A100FFCC86 /* carQuest.app */,
			);
			name = Products;
			sourceTree = "<group>";
		};
		002ABF692C73A3A100FFCC86 /* carQuest */ = {
			isa = PBXGroup;
			children = (
				00E32F022C763E9300840AAA /* Font */,
				004203902C76233000B7FFCD /* Info.plist */,
				002ABF6A2C73A3A100FFCC86 /* carQuestApp.swift */,
				002ABF6C2C73A3A100FFCC86 /* ContentView.swift */,
				00FB293C2C7E2A1600A67EF1 /* SignInView.swift */,
				22C6DF082C91D31A00F41EB3 /* SignUpView.swift */,
				00BF079B2C80D21E000404AA /* listingCreation.swift */,
				002ABF6E2C73A3A300FFCC86 /* Assets.xcassets */,
				002ABF702C73A3A300FFCC86 /* Preview Content */,
			);
			path = carQuest;
			sourceTree = "<group>";
		};
		002ABF702C73A3A300FFCC86 /* Preview Content */ = {
			isa = PBXGroup;
			children = (
				002ABF712C73A3A300FFCC86 /* Preview Assets.xcassets */,
			);
			path = "Preview Content";
			sourceTree = "<group>";
		};
		00E32F022C763E9300840AAA /* Font */ = {
			isa = PBXGroup;
			children = (
				00E32F032C763EC100840AAA /* ZingRustDemo-Base.otf */,
				0042038E2C7622E900B7FFCD /* Jost-Regular.ttf */,
			);
			path = Font;
			sourceTree = "<group>";
		};
/* End PBXGroup section */

/* Begin PBXNativeTarget section */
		002ABF662C73A3A100FFCC86 /* carQuest */ = {
			isa = PBXNativeTarget;
			buildConfigurationList = 002ABF752C73A3A300FFCC86 /* Build configuration list for PBXNativeTarget "carQuest" */;
			buildPhases = (
				002ABF632C73A3A100FFCC86 /* Sources */,
				002ABF642C73A3A100FFCC86 /* Frameworks */,
				002ABF652C73A3A100FFCC86 /* Resources */,
			);
			buildRules = (
			);
			dependencies = (
			);
			name = carQuest;
			productName = carQuest;
			productReference = 002ABF672C73A3A100FFCC86 /* carQuest.app */;
			productType = "com.apple.product-type.application";
		};
/* End PBXNativeTarget section */

/* Begin PBXProject section */
		002ABF5F2C73A3A100FFCC86 /* Project object */ = {
			isa = PBXProject;
			attributes = {
				BuildIndependentTargetsInParallel = 1;
				LastSwiftUpdateCheck = 1530;
				LastUpgradeCheck = 1530;
				TargetAttributes = {
					002ABF662C73A3A100FFCC86 = {
						CreatedOnToolsVersion = 15.3;
					};
				};
			};
			buildConfigurationList = 002ABF622C73A3A100FFCC86 /* Build configuration list for PBXProject "carQuest" */;
			compatibilityVersion = "Xcode 14.0";
			developmentRegion = en;
			hasScannedForEncodings = 0;
			knownRegions = (
				en,
				Base,
			);
			mainGroup = 002ABF5E2C73A3A100FFCC86;
			productRefGroup = 002ABF682C73A3A100FFCC86 /* Products */;
			projectDirPath = "";
			projectRoot = "";
			targets = (
				002ABF662C73A3A100FFCC86 /* carQuest */,
			);
		};
/* End PBXProject section */

/* Begin PBXResourcesBuildPhase section */
		002ABF652C73A3A100FFCC86 /* Resources */ = {
			isa = PBXResourcesBuildPhase;
			buildActionMask = 2147483647;
			files = (
				002ABF722C73A3A300FFCC86 /* Preview Assets.xcassets in Resources */,
				002ABF6F2C73A3A300FFCC86 /* Assets.xcassets in Resources */,
				0042038F2C7622EA00B7FFCD /* Jost-Regular.ttf in Resources */,
				00E32F042C763EC100840AAA /* ZingRustDemo-Base.otf in Resources */,
			);
			runOnlyForDeploymentPostprocessing = 0;
		};
/* End PBXResourcesBuildPhase section */

/* Begin PBXSourcesBuildPhase section */
		002ABF632C73A3A100FFCC86 /* Sources */ = {
			isa = PBXSourcesBuildPhase;
			buildActionMask = 2147483647;
			files = (
				00FB293D2C7E2A1600A67EF1 /* SignInView.swift in Sources */,
				22C6DF092C91D31A00F41EB3 /* SignUpView.swift in Sources */,
				002ABF6D2C73A3A100FFCC86 /* ContentView.swift in Sources */,
				002ABF6B2C73A3A100FFCC86 /* carQuestApp.swift in Sources */,
				00BF079C2C80D21E000404AA /* listingCreation.swift in Sources */,
			);
			runOnlyForDeploymentPostprocessing = 0;
		};
/* End PBXSourcesBuildPhase section */

/* Begin XCBuildConfiguration section */
		002ABF732C73A3A300FFCC86 /* Debug */ = {
			isa = XCBuildConfiguration;
			buildSettings = {
				ALWAYS_SEARCH_USER_PATHS = NO;
				ASSETCATALOG_COMPILER_GENERATE_SWIFT_ASSET_SYMBOL_EXTENSIONS = YES;
				CLANG_ANALYZER_NONNULL = YES;
				CLANG_ANALYZER_NUMBER_OBJECT_CONVERSION = YES_AGGRESSIVE;
				CLANG_CXX_LANGUAGE_STANDARD = "gnu++20";
				CLANG_ENABLE_MODULES = YES;
				CLANG_ENABLE_OBJC_ARC = YES;
				CLANG_ENABLE_OBJC_WEAK = YES;
				CLANG_WARN_BLOCK_CAPTURE_AUTORELEASING = YES;
				CLANG_WARN_BOOL_CONVERSION = YES;
				CLANG_WARN_COMMA = YES;
				CLANG_WARN_CONSTANT_CONVERSION = YES;
				CLANG_WARN_DEPRECATED_OBJC_IMPLEMENTATIONS = YES;
				CLANG_WARN_DIRECT_OBJC_ISA_USAGE = YES_ERROR;
				CLANG_WARN_DOCUMENTATION_COMMENTS = YES;
				CLANG_WARN_EMPTY_BODY = YES;
				CLANG_WARN_ENUM_CONVERSION = YES;
				CLANG_WARN_INFINITE_RECURSION = YES;
				CLANG_WARN_INT_CONVERSION = YES;
				CLANG_WARN_NON_LITERAL_NULL_CONVERSION = YES;
				CLANG_WARN_OBJC_IMPLICIT_RETAIN_SELF = YES;
				CLANG_WARN_OBJC_LITERAL_CONVERSION = YES;
				CLANG_WARN_OBJC_ROOT_CLASS = YES_ERROR;
				CLANG_WARN_QUOTED_INCLUDE_IN_FRAMEWORK_HEADER = YES;
				CLANG_WARN_RANGE_LOOP_ANALYSIS = YES;
				CLANG_WARN_STRICT_PROTOTYPES = YES;
				CLANG_WARN_SUSPICIOUS_MOVE = YES;
				CLANG_WARN_UNGUARDED_AVAILABILITY = YES_AGGRESSIVE;
				CLANG_WARN_UNREACHABLE_CODE = YES;
				CLANG_WARN__DUPLICATE_METHOD_MATCH = YES;
				COPY_PHASE_STRIP = NO;
				DEBUG_INFORMATION_FORMAT = dwarf;
				ENABLE_STRICT_OBJC_MSGSEND = YES;
				ENABLE_TESTABILITY = YES;
				ENABLE_USER_SCRIPT_SANDBOXING = YES;
				GCC_C_LANGUAGE_STANDARD = gnu17;
				GCC_DYNAMIC_NO_PIC = NO;
				GCC_NO_COMMON_BLOCKS = YES;
				GCC_OPTIMIZATION_LEVEL = 0;
				GCC_PREPROCESSOR_DEFINITIONS = (
					"DEBUG=1",
					"$(inherited)",
				);
				GCC_WARN_64_TO_32_BIT_CONVERSION = YES;
				GCC_WARN_ABOUT_RETURN_TYPE = YES_ERROR;
				GCC_WARN_UNDECLARED_SELECTOR = YES;
				GCC_WARN_UNINITIALIZED_AUTOS = YES_AGGRESSIVE;
				GCC_WARN_UNUSED_FUNCTION = YES;
				GCC_WARN_UNUSED_VARIABLE = YES;
				IPHONEOS_DEPLOYMENT_TARGET = 17.4;
				LOCALIZATION_PREFERS_STRING_CATALOGS = YES;
				MTL_ENABLE_DEBUG_INFO = INCLUDE_SOURCE;
				MTL_FAST_MATH = YES;
				ONLY_ACTIVE_ARCH = YES;
				SDKROOT = iphoneos;
				SWIFT_ACTIVE_COMPILATION_CONDITIONS = "DEBUG $(inherited)";
				SWIFT_OPTIMIZATION_LEVEL = "-Onone";
			};
			name = Debug;
		};
		002ABF742C73A3A300FFCC86 /* Release */ = {
			isa = XCBuildConfiguration;
			buildSettings = {
				ALWAYS_SEARCH_USER_PATHS = NO;
				ASSETCATALOG_COMPILER_GENERATE_SWIFT_ASSET_SYMBOL_EXTENSIONS = YES;
				CLANG_ANALYZER_NONNULL = YES;
				CLANG_ANALYZER_NUMBER_OBJECT_CONVERSION = YES_AGGRESSIVE;
				CLANG_CXX_LANGUAGE_STANDARD = "gnu++20";
				CLANG_ENABLE_MODULES = YES;
				CLANG_ENABLE_OBJC_ARC = YES;
				CLANG_ENABLE_OBJC_WEAK = YES;
				CLANG_WARN_BLOCK_CAPTURE_AUTORELEASING = YES;
				CLANG_WARN_BOOL_CONVERSION = YES;
				CLANG_WARN_COMMA = YES;
				CLANG_WARN_CONSTANT_CONVERSION = YES;
				CLANG_WARN_DEPRECATED_OBJC_IMPLEMENTATIONS = YES;
				CLANG_WARN_DIRECT_OBJC_ISA_USAGE = YES_ERROR;
				CLANG_WARN_DOCUMENTATION_COMMENTS = YES;
				CLANG_WARN_EMPTY_BODY = YES;
				CLANG_WARN_ENUM_CONVERSION = YES;
				CLANG_WARN_INFINITE_RECURSION = YES;
				CLANG_WARN_INT_CONVERSION = YES;
				CLANG_WARN_NON_LITERAL_NULL_CONVERSION = YES;
				CLANG_WARN_OBJC_IMPLICIT_RETAIN_SELF = YES;
				CLANG_WARN_OBJC_LITERAL_CONVERSION = YES;
				CLANG_WARN_OBJC_ROOT_CLASS = YES_ERROR;
				CLANG_WARN_QUOTED_INCLUDE_IN_FRAMEWORK_HEADER = YES;
				CLANG_WARN_RANGE_LOOP_ANALYSIS = YES;
				CLANG_WARN_STRICT_PROTOTYPES = YES;
				CLANG_WARN_SUSPICIOUS_MOVE = YES;
				CLANG_WARN_UNGUARDED_AVAILABILITY = YES_AGGRESSIVE;
				CLANG_WARN_UNREACHABLE_CODE = YES;
				CLANG_WARN__DUPLICATE_METHOD_MATCH = YES;
				COPY_PHASE_STRIP = NO;
				DEBUG_INFORMATION_FORMAT = "dwarf-with-dsym";
				ENABLE_NS_ASSERTIONS = NO;
				ENABLE_STRICT_OBJC_MSGSEND = YES;
				ENABLE_USER_SCRIPT_SANDBOXING = YES;
				GCC_C_LANGUAGE_STANDARD = gnu17;
				GCC_NO_COMMON_BLOCKS = YES;
				GCC_WARN_64_TO_32_BIT_CONVERSION = YES;
				GCC_WARN_ABOUT_RETURN_TYPE = YES_ERROR;
				GCC_WARN_UNDECLARED_SELECTOR = YES;
				GCC_WARN_UNINITIALIZED_AUTOS = YES_AGGRESSIVE;
				GCC_WARN_UNUSED_FUNCTION = YES;
				GCC_WARN_UNUSED_VARIABLE = YES;
				IPHONEOS_DEPLOYMENT_TARGET = 17.4;
				LOCALIZATION_PREFERS_STRING_CATALOGS = YES;
				MTL_ENABLE_DEBUG_INFO = NO;
				MTL_FAST_MATH = YES;
				SDKROOT = iphoneos;
				SWIFT_COMPILATION_MODE = wholemodule;
				VALIDATE_PRODUCT = YES;
			};
			name = Release;
		};
		002ABF762C73A3A300FFCC86 /* Debug */ = {
			isa = XCBuildConfiguration;
			buildSettings = {
				ASSETCATALOG_COMPILER_APPICON_NAME = AppIcon;
				ASSETCATALOG_COMPILER_GLOBAL_ACCENT_COLOR_NAME = AccentColor;
				CODE_SIGN_STYLE = Automatic;
				CURRENT_PROJECT_VERSION = 1;
				DEVELOPMENT_ASSET_PATHS = "\"carQuest/Preview Content\"";
				DEVELOPMENT_TEAM = K54C8RV3DL;
				ENABLE_PREVIEWS = YES;
				GENERATE_INFOPLIST_FILE = YES;
				INFOPLIST_FILE = carQuest/Info.plist;
				INFOPLIST_KEY_UIApplicationSceneManifest_Generation = YES;
				INFOPLIST_KEY_UIApplicationSupportsIndirectInputEvents = YES;
				INFOPLIST_KEY_UILaunchScreen_Generation = YES;
				INFOPLIST_KEY_UISupportedInterfaceOrientations_iPad = "UIInterfaceOrientationPortrait UIInterfaceOrientationPortraitUpsideDown UIInterfaceOrientationLandscapeLeft UIInterfaceOrientationLandscapeRight";
				INFOPLIST_KEY_UISupportedInterfaceOrientations_iPhone = "UIInterfaceOrientationPortrait UIInterfaceOrientationLandscapeLeft UIInterfaceOrientationLandscapeRight";
				IPHONEOS_DEPLOYMENT_TARGET = 17.0;
				LD_RUNPATH_SEARCH_PATHS = (
					"$(inherited)",
					"@executable_path/Frameworks",
				);
				MARKETING_VERSION = 1.0;
				PRODUCT_BUNDLE_IDENTIFIER = mquinn.carQuest1;
				PRODUCT_NAME = "$(TARGET_NAME)";
				SWIFT_EMIT_LOC_STRINGS = YES;
				SWIFT_VERSION = 5.0;
				TARGETED_DEVICE_FAMILY = "1,2";
			};
			name = Debug;
		};
		002ABF772C73A3A300FFCC86 /* Release */ = {
			isa = XCBuildConfiguration;
			buildSettings = {
				ASSETCATALOG_COMPILER_APPICON_NAME = AppIcon;
				ASSETCATALOG_COMPILER_GLOBAL_ACCENT_COLOR_NAME = AccentColor;
				CODE_SIGN_STYLE = Automatic;
				CURRENT_PROJECT_VERSION = 1;
				DEVELOPMENT_ASSET_PATHS = "\"carQuest/Preview Content\"";
				DEVELOPMENT_TEAM = K54C8RV3DL;
				ENABLE_PREVIEWS = YES;
				GENERATE_INFOPLIST_FILE = YES;
				INFOPLIST_FILE = carQuest/Info.plist;
				INFOPLIST_KEY_UIApplicationSceneManifest_Generation = YES;
				INFOPLIST_KEY_UIApplicationSupportsIndirectInputEvents = YES;
				INFOPLIST_KEY_UILaunchScreen_Generation = YES;
				INFOPLIST_KEY_UISupportedInterfaceOrientations_iPad = "UIInterfaceOrientationPortrait UIInterfaceOrientationPortraitUpsideDown UIInterfaceOrientationLandscapeLeft UIInterfaceOrientationLandscapeRight";
				INFOPLIST_KEY_UISupportedInterfaceOrientations_iPhone = "UIInterfaceOrientationPortrait UIInterfaceOrientationLandscapeLeft UIInterfaceOrientationLandscapeRight";
				IPHONEOS_DEPLOYMENT_TARGET = 17.0;
				LD_RUNPATH_SEARCH_PATHS = (
					"$(inherited)",
					"@executable_path/Frameworks",
				);
				MARKETING_VERSION = 1.0;
				PRODUCT_BUNDLE_IDENTIFIER = mquinn.carQuest1;
				PRODUCT_NAME = "$(TARGET_NAME)";
				SWIFT_EMIT_LOC_STRINGS = YES;
				SWIFT_VERSION = 5.0;
				TARGETED_DEVICE_FAMILY = "1,2";
			};
			name = Release;
		};
/* End XCBuildConfiguration section */

/* Begin XCConfigurationList section */
		002ABF622C73A3A100FFCC86 /* Build configuration list for PBXProject "carQuest" */ = {
			isa = XCConfigurationList;
			buildConfigurations = (
				002ABF732C73A3A300FFCC86 /* Debug */,
				002ABF742C73A3A300FFCC86 /* Release */,
			);
			defaultConfigurationIsVisible = 0;
			defaultConfigurationName = Release;
		};
		002ABF752C73A3A300FFCC86 /* Build configuration list for PBXNativeTarget "carQuest" */ = {
			isa = XCConfigurationList;
			buildConfigurations = (
				002ABF762C73A3A300FFCC86 /* Debug */,
				002ABF772C73A3A300FFCC86 /* Release */,
			);
			defaultConfigurationIsVisible = 0;
			defaultConfigurationName = Release;
		};
/* End XCConfigurationList section */
	};
	rootObject = 002ABF5F2C73A3A100FFCC86 /* Project object */;
}
