// !$*UTF8*$!
{
	archiveVersion = 1;
	classes = {
	};
	objectVersion = 56;
	objects = {

/* Begin PBXBuildFile section */
		002ABF6B2C73A3A100FFCC86 /* carQuestApp.swift in Sources */ = {isa = PBXBuildFile; fileRef = 002ABF6A2C73A3A100FFCC86 /* carQuestApp.swift */; };
		002ABF6D2C73A3A100FFCC86 /* ContentView.swift in Sources */ = {isa = PBXBuildFile; fileRef = 002ABF6C2C73A3A100FFCC86 /* ContentView.swift */; };
		002ABF6F2C73A3A300FFCC86 /* Assets.xcassets in Resources */ = {isa = PBXBuildFile; fileRef = 002ABF6E2C73A3A300FFCC86 /* Assets.xcassets */; };
		002ABF722C73A3A300FFCC86 /* Preview Assets.xcassets in Resources */ = {isa = PBXBuildFile; fileRef = 002ABF712C73A3A300FFCC86 /* Preview Assets.xcassets */; };
		0042038F2C7622EA00B7FFCD /* Jost-Regular.ttf in Resources */ = {isa = PBXBuildFile; fileRef = 0042038E2C7622E900B7FFCD /* Jost-Regular.ttf */; };
		00BB2DDF2C91E1D7003379DA /* settingsView.swift in Sources */ = {isa = PBXBuildFile; fileRef = 00BB2DDE2C91E1D7003379DA /* settingsView.swift */; };
		00BF079C2C80D21E000404AA /* listingCreation.swift in Sources */ = {isa = PBXBuildFile; fileRef = 00BF079B2C80D21E000404AA /* listingCreation.swift */; };
		00E32F042C763EC100840AAA /* ZingRustDemo-Base.otf in Resources */ = {isa = PBXBuildFile; fileRef = 00E32F032C763EC100840AAA /* ZingRustDemo-Base.otf */; };
		00FB293D2C7E2A1600A67EF1 /* SignInView.swift in Sources */ = {isa = PBXBuildFile; fileRef = 00FB293C2C7E2A1600A67EF1 /* SignInView.swift */; };
		2287A9792C9474D900EB7D34 /* GoogleSignIn in Frameworks */ = {isa = PBXBuildFile; productRef = 2287A9782C9474D900EB7D34 /* GoogleSignIn */; };
		2287A97B2C9474D900EB7D34 /* GoogleSignInSwift in Frameworks */ = {isa = PBXBuildFile; productRef = 2287A97A2C9474D900EB7D34 /* GoogleSignInSwift */; };
		2287A97E2C94799C00EB7D34 /* Utilities.swift in Sources */ = {isa = PBXBuildFile; fileRef = 2287A97D2C94799C00EB7D34 /* Utilities.swift */; };
		2287A9812C94825D00EB7D34 /* AuthenticationManager.swift in Sources */ = {isa = PBXBuildFile; fileRef = 2287A9802C94825D00EB7D34 /* AuthenticationManager.swift */; };
		22C6DF092C91D31A00F41EB3 /* RootView.swift in Sources */ = {isa = PBXBuildFile; fileRef = 22C6DF082C91D31A00F41EB3 /* RootView.swift */; };
		22C6DF0C2C91EF4F00F41EB3 /* FirebaseAnalytics in Frameworks */ = {isa = PBXBuildFile; productRef = 22C6DF0B2C91EF4F00F41EB3 /* FirebaseAnalytics */; };
		22C6DF0E2C91EF4F00F41EB3 /* FirebaseAnalyticsOnDeviceConversion in Frameworks */ = {isa = PBXBuildFile; productRef = 22C6DF0D2C91EF4F00F41EB3 /* FirebaseAnalyticsOnDeviceConversion */; };
		22C6DF102C91EF4F00F41EB3 /* FirebaseAnalyticsWithoutAdIdSupport in Frameworks */ = {isa = PBXBuildFile; productRef = 22C6DF0F2C91EF4F00F41EB3 /* FirebaseAnalyticsWithoutAdIdSupport */; };
		22C6DF122C91EF4F00F41EB3 /* FirebaseAppCheck in Frameworks */ = {isa = PBXBuildFile; productRef = 22C6DF112C91EF4F00F41EB3 /* FirebaseAppCheck */; };
		22C6DF142C91EF4F00F41EB3 /* FirebaseAppDistribution-Beta in Frameworks */ = {isa = PBXBuildFile; productRef = 22C6DF132C91EF4F00F41EB3 /* FirebaseAppDistribution-Beta */; };
		22C6DF162C91EF4F00F41EB3 /* FirebaseAuth in Frameworks */ = {isa = PBXBuildFile; productRef = 22C6DF152C91EF4F00F41EB3 /* FirebaseAuth */; };
		22C6DF182C91EF4F00F41EB3 /* FirebaseAuthCombine-Community in Frameworks */ = {isa = PBXBuildFile; productRef = 22C6DF172C91EF4F00F41EB3 /* FirebaseAuthCombine-Community */; };
		22C6DF1A2C91EF4F00F41EB3 /* FirebaseCrashlytics in Frameworks */ = {isa = PBXBuildFile; productRef = 22C6DF192C91EF4F00F41EB3 /* FirebaseCrashlytics */; };
		22C6DF1C2C91EF4F00F41EB3 /* FirebaseDatabase in Frameworks */ = {isa = PBXBuildFile; productRef = 22C6DF1B2C91EF4F00F41EB3 /* FirebaseDatabase */; };
		22C6DF1E2C91EF4F00F41EB3 /* FirebaseDynamicLinks in Frameworks */ = {isa = PBXBuildFile; productRef = 22C6DF1D2C91EF4F00F41EB3 /* FirebaseDynamicLinks */; };
		22C6DF202C91EF4F00F41EB3 /* FirebaseFirestore in Frameworks */ = {isa = PBXBuildFile; productRef = 22C6DF1F2C91EF4F00F41EB3 /* FirebaseFirestore */; };
		22C6DF222C91EF4F00F41EB3 /* FirebaseFirestoreCombine-Community in Frameworks */ = {isa = PBXBuildFile; productRef = 22C6DF212C91EF4F00F41EB3 /* FirebaseFirestoreCombine-Community */; };
		22C6DF242C91EF4F00F41EB3 /* FirebaseFunctions in Frameworks */ = {isa = PBXBuildFile; productRef = 22C6DF232C91EF4F00F41EB3 /* FirebaseFunctions */; };
		22C6DF262C91EF4F00F41EB3 /* FirebaseFunctionsCombine-Community in Frameworks */ = {isa = PBXBuildFile; productRef = 22C6DF252C91EF4F00F41EB3 /* FirebaseFunctionsCombine-Community */; };
		22C6DF282C91EF4F00F41EB3 /* FirebaseInAppMessaging-Beta in Frameworks */ = {isa = PBXBuildFile; productRef = 22C6DF272C91EF4F00F41EB3 /* FirebaseInAppMessaging-Beta */; };
		22C6DF2A2C91EF4F00F41EB3 /* FirebaseInstallations in Frameworks */ = {isa = PBXBuildFile; productRef = 22C6DF292C91EF4F00F41EB3 /* FirebaseInstallations */; };
		22C6DF2C2C91EF4F00F41EB3 /* FirebaseMLModelDownloader in Frameworks */ = {isa = PBXBuildFile; productRef = 22C6DF2B2C91EF4F00F41EB3 /* FirebaseMLModelDownloader */; };
		22C6DF2E2C91EF4F00F41EB3 /* FirebaseMessaging in Frameworks */ = {isa = PBXBuildFile; productRef = 22C6DF2D2C91EF4F00F41EB3 /* FirebaseMessaging */; };
		22C6DF302C91EF4F00F41EB3 /* FirebasePerformance in Frameworks */ = {isa = PBXBuildFile; productRef = 22C6DF2F2C91EF4F00F41EB3 /* FirebasePerformance */; };
		22C6DF322C91EF4F00F41EB3 /* FirebaseRemoteConfig in Frameworks */ = {isa = PBXBuildFile; productRef = 22C6DF312C91EF4F00F41EB3 /* FirebaseRemoteConfig */; };
		22C6DF342C91EF4F00F41EB3 /* FirebaseStorage in Frameworks */ = {isa = PBXBuildFile; productRef = 22C6DF332C91EF4F00F41EB3 /* FirebaseStorage */; };
		22C6DF362C91EF4F00F41EB3 /* FirebaseStorageCombine-Community in Frameworks */ = {isa = PBXBuildFile; productRef = 22C6DF352C91EF4F00F41EB3 /* FirebaseStorageCombine-Community */; };
		22C6DF382C91EF4F00F41EB3 /* FirebaseVertexAI-Preview in Frameworks */ = {isa = PBXBuildFile; productRef = 22C6DF372C91EF4F00F41EB3 /* FirebaseVertexAI-Preview */; };
		22CB13652CA5A63A00BACD8F /* AuthenticationViewModels.swift in Sources */ = {isa = PBXBuildFile; fileRef = 22CB13642CA5A63A00BACD8F /* AuthenticationViewModels.swift */; };
		22CB13672CA5B5C500BACD8F /* SignUpView.swift in Sources */ = {isa = PBXBuildFile; fileRef = 22CB13662CA5B5C500BACD8F /* SignUpView.swift */; };
		6F2EBC842C948E7100EF07FC /* Constants.swift in Sources */ = {isa = PBXBuildFile; fileRef = 6F2EBC832C948E7100EF07FC /* Constants.swift */; };
		6F2EBC862C948E9100EF07FC /* Helpers.swift in Sources */ = {isa = PBXBuildFile; fileRef = 6F2EBC852C948E9100EF07FC /* Helpers.swift */; };
		6F2EBC882C948EB700EF07FC /* Extensions.swift in Sources */ = {isa = PBXBuildFile; fileRef = 6F2EBC872C948EB700EF07FC /* Extensions.swift */; };
		6F2EBC942C94933400EF07FC /* RideDetails.swift in Sources */ = {isa = PBXBuildFile; fileRef = 6F2EBC932C94933400EF07FC /* RideDetails.swift */; };
		6F2EBC962C94934000EF07FC /* CarDetails.swift in Sources */ = {isa = PBXBuildFile; fileRef = 6F2EBC952C94934000EF07FC /* CarDetails.swift */; };
		6F2EBC982C94936700EF07FC /* ProfileView.swift in Sources */ = {isa = PBXBuildFile; fileRef = 6F2EBC972C94936700EF07FC /* ProfileView.swift */; };
		6F2EBC9A2C94937700EF07FC /* UserProfileView.swift in Sources */ = {isa = PBXBuildFile; fileRef = 6F2EBC992C94937700EF07FC /* UserProfileView.swift */; };
		6F2EBC9C2C94938400EF07FC /* HomeView.swift in Sources */ = {isa = PBXBuildFile; fileRef = 6F2EBC9B2C94938400EF07FC /* HomeView.swift */; };
		6F2EBC9E2C9493F900EF07FC /* WelcomeView.swift in Sources */ = {isa = PBXBuildFile; fileRef = 6F2EBC9D2C9493F900EF07FC /* WelcomeView.swift */; };
		6F2EBCA02C94947200EF07FC /* CarBox.swift in Sources */ = {isa = PBXBuildFile; fileRef = 6F2EBC9F2C94947200EF07FC /* CarBox.swift */; };
		6F2EBCA22C94949800EF07FC /* LocationSearchBar.swift in Sources */ = {isa = PBXBuildFile; fileRef = 6F2EBCA12C94949800EF07FC /* LocationSearchBar.swift */; };
		6F2EBCA42C9494C200EF07FC /* Shared.swift in Sources */ = {isa = PBXBuildFile; fileRef = 6F2EBCA32C9494C200EF07FC /* Shared.swift */; };
		6F2EBCA62C94964500EF07FC /* CarViewModell.swift in Sources */ = {isa = PBXBuildFile; fileRef = 6F2EBCA52C94964500EF07FC /* CarViewModell.swift */; };
		6F2EBCA82C94965300EF07FC /* RideViewModel.swift in Sources */ = {isa = PBXBuildFile; fileRef = 6F2EBCA72C94965300EF07FC /* RideViewModel.swift */; };
		6F2EBCAA2C9496EE00EF07FC /* UserViewModel.swift in Sources */ = {isa = PBXBuildFile; fileRef = 6F2EBCA92C9496EE00EF07FC /* UserViewModel.swift */; };
		6F2EBCAC2C94973400EF07FC /* FireStoreService.swift in Sources */ = {isa = PBXBuildFile; fileRef = 6F2EBCAB2C94973400EF07FC /* FireStoreService.swift */; };
		6F2EBCAF2C9497E100EF07FC /* User.swift in Sources */ = {isa = PBXBuildFile; fileRef = 6F2EBCAE2C9497E100EF07FC /* User.swift */; };
		6F2EBCB12C9497EE00EF07FC /* Car.swift in Sources */ = {isa = PBXBuildFile; fileRef = 6F2EBCB02C9497EE00EF07FC /* Car.swift */; };
		6F2EBCB32C94980200EF07FC /* Ride.swift in Sources */ = {isa = PBXBuildFile; fileRef = 6F2EBCB22C94980200EF07FC /* Ride.swift */; };
		6F2EBCB72C949FE400EF07FC /* GoogleService-Info.plist in Resources */ = {isa = PBXBuildFile; fileRef = 6F2EBCB62C949FE400EF07FC /* GoogleService-Info.plist */; };
/* End PBXBuildFile section */

/* Begin PBXFileReference section */
		002ABF672C73A3A100FFCC86 /* carQuest.app */ = {isa = PBXFileReference; explicitFileType = wrapper.application; includeInIndex = 0; path = carQuest.app; sourceTree = BUILT_PRODUCTS_DIR; };
		002ABF6A2C73A3A100FFCC86 /* carQuestApp.swift */ = {isa = PBXFileReference; lastKnownFileType = sourcecode.swift; path = carQuestApp.swift; sourceTree = "<group>"; };
		002ABF6C2C73A3A100FFCC86 /* ContentView.swift */ = {isa = PBXFileReference; lastKnownFileType = sourcecode.swift; path = ContentView.swift; sourceTree = "<group>"; };
		002ABF6E2C73A3A300FFCC86 /* Assets.xcassets */ = {isa = PBXFileReference; lastKnownFileType = folder.assetcatalog; path = Assets.xcassets; sourceTree = "<group>"; };
		002ABF712C73A3A300FFCC86 /* Preview Assets.xcassets */ = {isa = PBXFileReference; lastKnownFileType = folder.assetcatalog; path = "Preview Assets.xcassets"; sourceTree = "<group>"; };
		0042038E2C7622E900B7FFCD /* Jost-Regular.ttf */ = {isa = PBXFileReference; lastKnownFileType = file; path = "Jost-Regular.ttf"; sourceTree = "<group>"; };
		004203902C76233000B7FFCD /* Info.plist */ = {isa = PBXFileReference; lastKnownFileType = text.plist; path = Info.plist; sourceTree = "<group>"; };
		00BB2DDE2C91E1D7003379DA /* settingsView.swift */ = {isa = PBXFileReference; lastKnownFileType = sourcecode.swift; path = settingsView.swift; sourceTree = "<group>"; };
		00BF079B2C80D21E000404AA /* listingCreation.swift */ = {isa = PBXFileReference; lastKnownFileType = sourcecode.swift; path = listingCreation.swift; sourceTree = "<group>"; };
		00E32F032C763EC100840AAA /* ZingRustDemo-Base.otf */ = {isa = PBXFileReference; lastKnownFileType = file; path = "ZingRustDemo-Base.otf"; sourceTree = "<group>"; };
		00FB293C2C7E2A1600A67EF1 /* SignInView.swift */ = {isa = PBXFileReference; lastKnownFileType = sourcecode.swift; path = SignInView.swift; sourceTree = "<group>"; };
		2287A97D2C94799C00EB7D34 /* Utilities.swift */ = {isa = PBXFileReference; lastKnownFileType = sourcecode.swift; path = Utilities.swift; sourceTree = "<group>"; };
		2287A9802C94825D00EB7D34 /* AuthenticationManager.swift */ = {isa = PBXFileReference; lastKnownFileType = sourcecode.swift; path = AuthenticationManager.swift; sourceTree = "<group>"; };
		22C6DF082C91D31A00F41EB3 /* RootView.swift */ = {isa = PBXFileReference; lastKnownFileType = sourcecode.swift; path = RootView.swift; sourceTree = "<group>"; };
		22CB13642CA5A63A00BACD8F /* AuthenticationViewModels.swift */ = {isa = PBXFileReference; lastKnownFileType = sourcecode.swift; path = AuthenticationViewModels.swift; sourceTree = "<group>"; };
		22CB13662CA5B5C500BACD8F /* SignUpView.swift */ = {isa = PBXFileReference; lastKnownFileType = sourcecode.swift; path = SignUpView.swift; sourceTree = "<group>"; };
		6F2EBC832C948E7100EF07FC /* Constants.swift */ = {isa = PBXFileReference; lastKnownFileType = sourcecode.swift; path = Constants.swift; sourceTree = "<group>"; };
		6F2EBC852C948E9100EF07FC /* Helpers.swift */ = {isa = PBXFileReference; lastKnownFileType = sourcecode.swift; path = Helpers.swift; sourceTree = "<group>"; };
		6F2EBC872C948EB700EF07FC /* Extensions.swift */ = {isa = PBXFileReference; lastKnownFileType = sourcecode.swift; path = Extensions.swift; sourceTree = "<group>"; };
		6F2EBC932C94933400EF07FC /* RideDetails.swift */ = {isa = PBXFileReference; lastKnownFileType = sourcecode.swift; path = RideDetails.swift; sourceTree = "<group>"; };
		6F2EBC952C94934000EF07FC /* CarDetails.swift */ = {isa = PBXFileReference; lastKnownFileType = sourcecode.swift; path = CarDetails.swift; sourceTree = "<group>"; };
		6F2EBC972C94936700EF07FC /* ProfileView.swift */ = {isa = PBXFileReference; lastKnownFileType = sourcecode.swift; path = ProfileView.swift; sourceTree = "<group>"; };
		6F2EBC992C94937700EF07FC /* UserProfileView.swift */ = {isa = PBXFileReference; lastKnownFileType = sourcecode.swift; path = UserProfileView.swift; sourceTree = "<group>"; };
		6F2EBC9B2C94938400EF07FC /* HomeView.swift */ = {isa = PBXFileReference; lastKnownFileType = sourcecode.swift; path = HomeView.swift; sourceTree = "<group>"; };
		6F2EBC9D2C9493F900EF07FC /* WelcomeView.swift */ = {isa = PBXFileReference; lastKnownFileType = sourcecode.swift; path = WelcomeView.swift; sourceTree = "<group>"; };
		6F2EBC9F2C94947200EF07FC /* CarBox.swift */ = {isa = PBXFileReference; lastKnownFileType = sourcecode.swift; path = CarBox.swift; sourceTree = "<group>"; };
		6F2EBCA12C94949800EF07FC /* LocationSearchBar.swift */ = {isa = PBXFileReference; lastKnownFileType = sourcecode.swift; path = LocationSearchBar.swift; sourceTree = "<group>"; };
		6F2EBCA32C9494C200EF07FC /* Shared.swift */ = {isa = PBXFileReference; lastKnownFileType = sourcecode.swift; path = Shared.swift; sourceTree = "<group>"; };
		6F2EBCA52C94964500EF07FC /* CarViewModell.swift */ = {isa = PBXFileReference; lastKnownFileType = sourcecode.swift; path = CarViewModell.swift; sourceTree = "<group>"; };
		6F2EBCA72C94965300EF07FC /* RideViewModel.swift */ = {isa = PBXFileReference; lastKnownFileType = sourcecode.swift; path = RideViewModel.swift; sourceTree = "<group>"; };
		6F2EBCA92C9496EE00EF07FC /* UserViewModel.swift */ = {isa = PBXFileReference; lastKnownFileType = sourcecode.swift; path = UserViewModel.swift; sourceTree = "<group>"; };
		6F2EBCAB2C94973400EF07FC /* FireStoreService.swift */ = {isa = PBXFileReference; lastKnownFileType = sourcecode.swift; path = FireStoreService.swift; sourceTree = "<group>"; };
		6F2EBCAE2C9497E100EF07FC /* User.swift */ = {isa = PBXFileReference; lastKnownFileType = sourcecode.swift; path = User.swift; sourceTree = "<group>"; };
		6F2EBCB02C9497EE00EF07FC /* Car.swift */ = {isa = PBXFileReference; lastKnownFileType = sourcecode.swift; path = Car.swift; sourceTree = "<group>"; };
		6F2EBCB22C94980200EF07FC /* Ride.swift */ = {isa = PBXFileReference; lastKnownFileType = sourcecode.swift; path = Ride.swift; sourceTree = "<group>"; };
		6F2EBCB62C949FE400EF07FC /* GoogleService-Info.plist */ = {isa = PBXFileReference; fileEncoding = 4; lastKnownFileType = text.plist.xml; name = "GoogleService-Info.plist"; path = "../../../../Downloads/GoogleService-Info.plist"; sourceTree = "<group>"; };
/* End PBXFileReference section */

/* Begin PBXFrameworksBuildPhase section */
		002ABF642C73A3A100FFCC86 /* Frameworks */ = {
			isa = PBXFrameworksBuildPhase;
			buildActionMask = 2147483647;
			files = (
				22C6DF362C91EF4F00F41EB3 /* FirebaseStorageCombine-Community in Frameworks */,
				22C6DF2E2C91EF4F00F41EB3 /* FirebaseMessaging in Frameworks */,
				22C6DF2C2C91EF4F00F41EB3 /* FirebaseMLModelDownloader in Frameworks */,
				22C6DF122C91EF4F00F41EB3 /* FirebaseAppCheck in Frameworks */,
				22C6DF162C91EF4F00F41EB3 /* FirebaseAuth in Frameworks */,
				22C6DF0C2C91EF4F00F41EB3 /* FirebaseAnalytics in Frameworks */,
				22C6DF142C91EF4F00F41EB3 /* FirebaseAppDistribution-Beta in Frameworks */,
				22C6DF102C91EF4F00F41EB3 /* FirebaseAnalyticsWithoutAdIdSupport in Frameworks */,
				22C6DF1A2C91EF4F00F41EB3 /* FirebaseCrashlytics in Frameworks */,
				22C6DF1C2C91EF4F00F41EB3 /* FirebaseDatabase in Frameworks */,
				22C6DF262C91EF4F00F41EB3 /* FirebaseFunctionsCombine-Community in Frameworks */,
				22C6DF182C91EF4F00F41EB3 /* FirebaseAuthCombine-Community in Frameworks */,
				22C6DF342C91EF4F00F41EB3 /* FirebaseStorage in Frameworks */,
				22C6DF0E2C91EF4F00F41EB3 /* FirebaseAnalyticsOnDeviceConversion in Frameworks */,
				22C6DF242C91EF4F00F41EB3 /* FirebaseFunctions in Frameworks */,
				22C6DF2A2C91EF4F00F41EB3 /* FirebaseInstallations in Frameworks */,
				22C6DF302C91EF4F00F41EB3 /* FirebasePerformance in Frameworks */,
				2287A9792C9474D900EB7D34 /* GoogleSignIn in Frameworks */,
				22C6DF222C91EF4F00F41EB3 /* FirebaseFirestoreCombine-Community in Frameworks */,
				22C6DF202C91EF4F00F41EB3 /* FirebaseFirestore in Frameworks */,
				2287A97B2C9474D900EB7D34 /* GoogleSignInSwift in Frameworks */,
				22C6DF1E2C91EF4F00F41EB3 /* FirebaseDynamicLinks in Frameworks */,
				22C6DF282C91EF4F00F41EB3 /* FirebaseInAppMessaging-Beta in Frameworks */,
				22C6DF382C91EF4F00F41EB3 /* FirebaseVertexAI-Preview in Frameworks */,
				22C6DF322C91EF4F00F41EB3 /* FirebaseRemoteConfig in Frameworks */,
			);
			runOnlyForDeploymentPostprocessing = 0;
		};
/* End PBXFrameworksBuildPhase section */

/* Begin PBXGroup section */
		002ABF5E2C73A3A100FFCC86 = {
			isa = PBXGroup;
			children = (
				002ABF692C73A3A100FFCC86 /* carQuest */,
				002ABF682C73A3A100FFCC86 /* Products */,
			);
			sourceTree = "<group>";
		};
		002ABF682C73A3A100FFCC86 /* Products */ = {
			isa = PBXGroup;
			children = (
				002ABF672C73A3A100FFCC86 /* carQuest.app */,
			);
			name = Products;
			sourceTree = "<group>";
		};
		002ABF692C73A3A100FFCC86 /* carQuest */ = {
			isa = PBXGroup;
			children = (
				6F2EBCB62C949FE400EF07FC /* GoogleService-Info.plist */,
				6F2EBC822C948D8F00EF07FC /* Services */,
				6F2EBC812C948D7F00EF07FC /* ViewModels */,
				6F2EBC7F2C948C6400EF07FC /* View */,
				00E32F022C763E9300840AAA /* Font */,
				2287A97C2C94798500EB7D34 /* Utilities */,
				004203902C76233000B7FFCD /* Info.plist */,
				002ABF6A2C73A3A100FFCC86 /* carQuestApp.swift */,
				002ABF6E2C73A3A300FFCC86 /* Assets.xcassets */,
				002ABF702C73A3A300FFCC86 /* Preview Content */,
			);
			path = carQuest;
			sourceTree = "<group>";
		};
		002ABF702C73A3A300FFCC86 /* Preview Content */ = {
			isa = PBXGroup;
			children = (
				002ABF712C73A3A300FFCC86 /* Preview Assets.xcassets */,
			);
			path = "Preview Content";
			sourceTree = "<group>";
		};
		00E32F022C763E9300840AAA /* Font */ = {
			isa = PBXGroup;
			children = (
				00E32F032C763EC100840AAA /* ZingRustDemo-Base.otf */,
				0042038E2C7622E900B7FFCD /* Jost-Regular.ttf */,
			);
			path = Font;
			sourceTree = "<group>";
		};
		2287A97C2C94798500EB7D34 /* Utilities */ = {
			isa = PBXGroup;
			children = (
				2287A97D2C94799C00EB7D34 /* Utilities.swift */,
				6F2EBC832C948E7100EF07FC /* Constants.swift */,
				6F2EBC852C948E9100EF07FC /* Helpers.swift */,
				6F2EBC872C948EB700EF07FC /* Extensions.swift */,
			);
			path = Utilities;
			sourceTree = "<group>";
		};
		6F2EBC7F2C948C6400EF07FC /* View */ = {
			isa = PBXGroup;
			children = (
				6F2EBC8A2C948FCC00EF07FC /* ViewsComponents */,
				6F2EBC892C948FA900EF07FC /* Views */,
			);
			path = View;
			sourceTree = "<group>";
		};
		6F2EBC812C948D7F00EF07FC /* ViewModels */ = {
			isa = PBXGroup;
			children = (
				6F2EBCA52C94964500EF07FC /* CarViewModell.swift */,
				6F2EBCA72C94965300EF07FC /* RideViewModel.swift */,
				6F2EBCA92C9496EE00EF07FC /* UserViewModel.swift */,
				22CB13642CA5A63A00BACD8F /* AuthenticationViewModels.swift */,
			);
			path = ViewModels;
			sourceTree = "<group>";
		};
		6F2EBC822C948D8F00EF07FC /* Services */ = {
			isa = PBXGroup;
			children = (
				6F2EBCB42C94980800EF07FC /* Authentication */,
				6F2EBCAD2C94979400EF07FC /* FireStore */,
			);
			path = Services;
			sourceTree = "<group>";
		};
		6F2EBC892C948FA900EF07FC /* Views */ = {
			isa = PBXGroup;
			children = (
				002ABF6C2C73A3A100FFCC86 /* ContentView.swift */,
				6F2EBC922C9492CD00EF07FC /* Home */,
				6F2EBC912C94923A00EF07FC /* RideQuest */,
				6F2EBC902C94921600EF07FC /* Settings */,
				6F2EBC8F2C9491DA00EF07FC /* RideDetails */,
				6F2EBC8E2C9491CC00EF07FC /* Profile */,
				6F2EBC8C2C948FEA00EF07FC /* OnBoarding */,
			);
			path = Views;
			sourceTree = "<group>";
		};
		6F2EBC8A2C948FCC00EF07FC /* ViewsComponents */ = {
			isa = PBXGroup;
			children = (
				6F2EBC9F2C94947200EF07FC /* CarBox.swift */,
				6F2EBCA12C94949800EF07FC /* LocationSearchBar.swift */,
				6F2EBCA32C9494C200EF07FC /* Shared.swift */,
			);
			path = ViewsComponents;
			sourceTree = "<group>";
		};
		6F2EBC8C2C948FEA00EF07FC /* OnBoarding */ = {
			isa = PBXGroup;
			children = (
				00FB293C2C7E2A1600A67EF1 /* SignInView.swift */,
				22C6DF082C91D31A00F41EB3 /* RootView.swift */,
				6F2EBC9D2C9493F900EF07FC /* WelcomeView.swift */,
				22CB13662CA5B5C500BACD8F /* SignUpView.swift */,
			);
			path = OnBoarding;
			sourceTree = "<group>";
		};
		6F2EBC8E2C9491CC00EF07FC /* Profile */ = {
			isa = PBXGroup;
			children = (
				6F2EBC972C94936700EF07FC /* ProfileView.swift */,
				6F2EBC992C94937700EF07FC /* UserProfileView.swift */,
			);
			path = Profile;
			sourceTree = "<group>";
		};
		6F2EBC8F2C9491DA00EF07FC /* RideDetails */ = {
			isa = PBXGroup;
			children = (
				6F2EBC932C94933400EF07FC /* RideDetails.swift */,
				6F2EBC952C94934000EF07FC /* CarDetails.swift */,
			);
			path = RideDetails;
			sourceTree = "<group>";
		};
		6F2EBC902C94921600EF07FC /* Settings */ = {
			isa = PBXGroup;
			children = (
				00BB2DDE2C91E1D7003379DA /* settingsView.swift */,
			);
			path = Settings;
			sourceTree = "<group>";
		};
		6F2EBC912C94923A00EF07FC /* RideQuest */ = {
			isa = PBXGroup;
			children = (
				00BF079B2C80D21E000404AA /* listingCreation.swift */,
			);
			path = RideQuest;
			sourceTree = "<group>";
		};
		6F2EBC922C9492CD00EF07FC /* Home */ = {
			isa = PBXGroup;
			children = (
				6F2EBC9B2C94938400EF07FC /* HomeView.swift */,
			);
			path = Home;
			sourceTree = "<group>";
		};
		6F2EBCAD2C94979400EF07FC /* FireStore */ = {
			isa = PBXGroup;
			children = (
				6F2EBCAB2C94973400EF07FC /* FireStoreService.swift */,
				6F2EBCAE2C9497E100EF07FC /* User.swift */,
				6F2EBCB02C9497EE00EF07FC /* Car.swift */,
				6F2EBCB22C94980200EF07FC /* Ride.swift */,
			);
			path = FireStore;
			sourceTree = "<group>";
		};
		6F2EBCB42C94980800EF07FC /* Authentication */ = {
			isa = PBXGroup;
			children = (
				2287A9802C94825D00EB7D34 /* AuthenticationManager.swift */,
			);
			path = Authentication;
			sourceTree = "<group>";
		};
/* End PBXGroup section */

/* Begin PBXNativeTarget section */
		002ABF662C73A3A100FFCC86 /* carQuest */ = {
			isa = PBXNativeTarget;
			buildConfigurationList = 002ABF752C73A3A300FFCC86 /* Build configuration list for PBXNativeTarget "carQuest" */;
			buildPhases = (
				002ABF632C73A3A100FFCC86 /* Sources */,
				002ABF642C73A3A100FFCC86 /* Frameworks */,
				002ABF652C73A3A100FFCC86 /* Resources */,
			);
			buildRules = (
			);
			dependencies = (
			);
			name = carQuest;
			packageProductDependencies = (
				22C6DF0B2C91EF4F00F41EB3 /* FirebaseAnalytics */,
				22C6DF0D2C91EF4F00F41EB3 /* FirebaseAnalyticsOnDeviceConversion */,
				22C6DF0F2C91EF4F00F41EB3 /* FirebaseAnalyticsWithoutAdIdSupport */,
				22C6DF112C91EF4F00F41EB3 /* FirebaseAppCheck */,
				22C6DF132C91EF4F00F41EB3 /* FirebaseAppDistribution-Beta */,
				22C6DF152C91EF4F00F41EB3 /* FirebaseAuth */,
				22C6DF172C91EF4F00F41EB3 /* FirebaseAuthCombine-Community */,
				22C6DF192C91EF4F00F41EB3 /* FirebaseCrashlytics */,
				22C6DF1B2C91EF4F00F41EB3 /* FirebaseDatabase */,
				22C6DF1D2C91EF4F00F41EB3 /* FirebaseDynamicLinks */,
				22C6DF1F2C91EF4F00F41EB3 /* FirebaseFirestore */,
				22C6DF212C91EF4F00F41EB3 /* FirebaseFirestoreCombine-Community */,
				22C6DF232C91EF4F00F41EB3 /* FirebaseFunctions */,
				22C6DF252C91EF4F00F41EB3 /* FirebaseFunctionsCombine-Community */,
				22C6DF272C91EF4F00F41EB3 /* FirebaseInAppMessaging-Beta */,
				22C6DF292C91EF4F00F41EB3 /* FirebaseInstallations */,
				22C6DF2B2C91EF4F00F41EB3 /* FirebaseMLModelDownloader */,
				22C6DF2D2C91EF4F00F41EB3 /* FirebaseMessaging */,
				22C6DF2F2C91EF4F00F41EB3 /* FirebasePerformance */,
				22C6DF312C91EF4F00F41EB3 /* FirebaseRemoteConfig */,
				22C6DF332C91EF4F00F41EB3 /* FirebaseStorage */,
				22C6DF352C91EF4F00F41EB3 /* FirebaseStorageCombine-Community */,
				22C6DF372C91EF4F00F41EB3 /* FirebaseVertexAI-Preview */,
				2287A9782C9474D900EB7D34 /* GoogleSignIn */,
				2287A97A2C9474D900EB7D34 /* GoogleSignInSwift */,
			);
			productName = carQuest;
			productReference = 002ABF672C73A3A100FFCC86 /* carQuest.app */;
			productType = "com.apple.product-type.application";
		};
/* End PBXNativeTarget section */

/* Begin PBXProject section */
		002ABF5F2C73A3A100FFCC86 /* Project object */ = {
			isa = PBXProject;
			attributes = {
				BuildIndependentTargetsInParallel = 1;
				LastSwiftUpdateCheck = 1530;
				LastUpgradeCheck = 1530;
				TargetAttributes = {
					002ABF662C73A3A100FFCC86 = {
						CreatedOnToolsVersion = 15.3;
					};
				};
			};
			buildConfigurationList = 002ABF622C73A3A100FFCC86 /* Build configuration list for PBXProject "carQuest" */;
			compatibilityVersion = "Xcode 14.0";
			developmentRegion = en;
			hasScannedForEncodings = 0;
			knownRegions = (
				en,
				Base,
			);
			mainGroup = 002ABF5E2C73A3A100FFCC86;
			packageReferences = (
				22C6DF0A2C91EF4F00F41EB3 /* XCRemoteSwiftPackageReference "firebase-ios-sdk" */,
				2287A9772C9474D800EB7D34 /* XCRemoteSwiftPackageReference "GoogleSignIn-iOS" */,
			);
			productRefGroup = 002ABF682C73A3A100FFCC86 /* Products */;
			projectDirPath = "";
			projectRoot = "";
			targets = (
				002ABF662C73A3A100FFCC86 /* carQuest */,
			);
		};
/* End PBXProject section */

/* Begin PBXResourcesBuildPhase section */
		002ABF652C73A3A100FFCC86 /* Resources */ = {
			isa = PBXResourcesBuildPhase;
			buildActionMask = 2147483647;
			files = (
				002ABF722C73A3A300FFCC86 /* Preview Assets.xcassets in Resources */,
				002ABF6F2C73A3A300FFCC86 /* Assets.xcassets in Resources */,
				6F2EBCB72C949FE400EF07FC /* GoogleService-Info.plist in Resources */,
				0042038F2C7622EA00B7FFCD /* Jost-Regular.ttf in Resources */,
				00E32F042C763EC100840AAA /* ZingRustDemo-Base.otf in Resources */,
			);
			runOnlyForDeploymentPostprocessing = 0;
		};
/* End PBXResourcesBuildPhase section */

/* Begin PBXSourcesBuildPhase section */
		002ABF632C73A3A100FFCC86 /* Sources */ = {
			isa = PBXSourcesBuildPhase;
			buildActionMask = 2147483647;
			files = (
				22CB13652CA5A63A00BACD8F /* AuthenticationViewModels.swift in Sources */,
				00BB2DDF2C91E1D7003379DA /* settingsView.swift in Sources */,
				6F2EBC962C94934000EF07FC /* CarDetails.swift in Sources */,
				6F2EBCA22C94949800EF07FC /* LocationSearchBar.swift in Sources */,
				6F2EBCAF2C9497E100EF07FC /* User.swift in Sources */,
				6F2EBCB12C9497EE00EF07FC /* Car.swift in Sources */,
				2287A9812C94825D00EB7D34 /* AuthenticationManager.swift in Sources */,
				00FB293D2C7E2A1600A67EF1 /* SignInView.swift in Sources */,
				6F2EBC862C948E9100EF07FC /* Helpers.swift in Sources */,
				6F2EBC9E2C9493F900EF07FC /* WelcomeView.swift in Sources */,
				2287A97E2C94799C00EB7D34 /* Utilities.swift in Sources */,
				6F2EBCA62C94964500EF07FC /* CarViewModell.swift in Sources */,
				22C6DF092C91D31A00F41EB3 /* RootView.swift in Sources */,
				002ABF6D2C73A3A100FFCC86 /* ContentView.swift in Sources */,
				6F2EBCA42C9494C200EF07FC /* Shared.swift in Sources */,
				6F2EBCB32C94980200EF07FC /* Ride.swift in Sources */,
				002ABF6B2C73A3A100FFCC86 /* carQuestApp.swift in Sources */,
				6F2EBCAC2C94973400EF07FC /* FireStoreService.swift in Sources */,
				00BF079C2C80D21E000404AA /* listingCreation.swift in Sources */,
				6F2EBC9A2C94937700EF07FC /* UserProfileView.swift in Sources */,
				6F2EBC882C948EB700EF07FC /* Extensions.swift in Sources */,
				6F2EBC942C94933400EF07FC /* RideDetails.swift in Sources */,
				6F2EBC9C2C94938400EF07FC /* HomeView.swift in Sources */,
				6F2EBC982C94936700EF07FC /* ProfileView.swift in Sources */,
				6F2EBCA82C94965300EF07FC /* RideViewModel.swift in Sources */,
				6F2EBCA02C94947200EF07FC /* CarBox.swift in Sources */,
				22CB13672CA5B5C500BACD8F /* SignUpView.swift in Sources */,
				6F2EBC842C948E7100EF07FC /* Constants.swift in Sources */,
				6F2EBCAA2C9496EE00EF07FC /* UserViewModel.swift in Sources */,
			);
			runOnlyForDeploymentPostprocessing = 0;
		};
/* End PBXSourcesBuildPhase section */

/* Begin XCBuildConfiguration section */
		002ABF732C73A3A300FFCC86 /* Debug */ = {
			isa = XCBuildConfiguration;
			buildSettings = {
				ALWAYS_SEARCH_USER_PATHS = NO;
				ASSETCATALOG_COMPILER_GENERATE_SWIFT_ASSET_SYMBOL_EXTENSIONS = YES;
				CLANG_ANALYZER_NONNULL = YES;
				CLANG_ANALYZER_NUMBER_OBJECT_CONVERSION = YES_AGGRESSIVE;
				CLANG_CXX_LANGUAGE_STANDARD = "gnu++20";
				CLANG_ENABLE_MODULES = YES;
				CLANG_ENABLE_OBJC_ARC = YES;
				CLANG_ENABLE_OBJC_WEAK = YES;
				CLANG_WARN_BLOCK_CAPTURE_AUTORELEASING = YES;
				CLANG_WARN_BOOL_CONVERSION = YES;
				CLANG_WARN_COMMA = YES;
				CLANG_WARN_CONSTANT_CONVERSION = YES;
				CLANG_WARN_DEPRECATED_OBJC_IMPLEMENTATIONS = YES;
				CLANG_WARN_DIRECT_OBJC_ISA_USAGE = YES_ERROR;
				CLANG_WARN_DOCUMENTATION_COMMENTS = YES;
				CLANG_WARN_EMPTY_BODY = YES;
				CLANG_WARN_ENUM_CONVERSION = YES;
				CLANG_WARN_INFINITE_RECURSION = YES;
				CLANG_WARN_INT_CONVERSION = YES;
				CLANG_WARN_NON_LITERAL_NULL_CONVERSION = YES;
				CLANG_WARN_OBJC_IMPLICIT_RETAIN_SELF = YES;
				CLANG_WARN_OBJC_LITERAL_CONVERSION = YES;
				CLANG_WARN_OBJC_ROOT_CLASS = YES_ERROR;
				CLANG_WARN_QUOTED_INCLUDE_IN_FRAMEWORK_HEADER = YES;
				CLANG_WARN_RANGE_LOOP_ANALYSIS = YES;
				CLANG_WARN_STRICT_PROTOTYPES = YES;
				CLANG_WARN_SUSPICIOUS_MOVE = YES;
				CLANG_WARN_UNGUARDED_AVAILABILITY = YES_AGGRESSIVE;
				CLANG_WARN_UNREACHABLE_CODE = YES;
				CLANG_WARN__DUPLICATE_METHOD_MATCH = YES;
				COPY_PHASE_STRIP = NO;
				DEBUG_INFORMATION_FORMAT = dwarf;
				ENABLE_STRICT_OBJC_MSGSEND = YES;
				ENABLE_TESTABILITY = YES;
				ENABLE_USER_SCRIPT_SANDBOXING = YES;
				GCC_C_LANGUAGE_STANDARD = gnu17;
				GCC_DYNAMIC_NO_PIC = NO;
				GCC_NO_COMMON_BLOCKS = YES;
				GCC_OPTIMIZATION_LEVEL = 0;
				GCC_PREPROCESSOR_DEFINITIONS = (
					"DEBUG=1",
					"$(inherited)",
				);
				GCC_WARN_64_TO_32_BIT_CONVERSION = YES;
				GCC_WARN_ABOUT_RETURN_TYPE = YES_ERROR;
				GCC_WARN_UNDECLARED_SELECTOR = YES;
				GCC_WARN_UNINITIALIZED_AUTOS = YES_AGGRESSIVE;
				GCC_WARN_UNUSED_FUNCTION = YES;
				GCC_WARN_UNUSED_VARIABLE = YES;
				IPHONEOS_DEPLOYMENT_TARGET = 17.4;
				LOCALIZATION_PREFERS_STRING_CATALOGS = YES;
				MTL_ENABLE_DEBUG_INFO = INCLUDE_SOURCE;
				MTL_FAST_MATH = YES;
				ONLY_ACTIVE_ARCH = YES;
				SDKROOT = iphoneos;
				SWIFT_ACTIVE_COMPILATION_CONDITIONS = "DEBUG $(inherited)";
				SWIFT_OPTIMIZATION_LEVEL = "-Onone";
			};
			name = Debug;
		};
		002ABF742C73A3A300FFCC86 /* Release */ = {
			isa = XCBuildConfiguration;
			buildSettings = {
				ALWAYS_SEARCH_USER_PATHS = NO;
				ASSETCATALOG_COMPILER_GENERATE_SWIFT_ASSET_SYMBOL_EXTENSIONS = YES;
				CLANG_ANALYZER_NONNULL = YES;
				CLANG_ANALYZER_NUMBER_OBJECT_CONVERSION = YES_AGGRESSIVE;
				CLANG_CXX_LANGUAGE_STANDARD = "gnu++20";
				CLANG_ENABLE_MODULES = YES;
				CLANG_ENABLE_OBJC_ARC = YES;
				CLANG_ENABLE_OBJC_WEAK = YES;
				CLANG_WARN_BLOCK_CAPTURE_AUTORELEASING = YES;
				CLANG_WARN_BOOL_CONVERSION = YES;
				CLANG_WARN_COMMA = YES;
				CLANG_WARN_CONSTANT_CONVERSION = YES;
				CLANG_WARN_DEPRECATED_OBJC_IMPLEMENTATIONS = YES;
				CLANG_WARN_DIRECT_OBJC_ISA_USAGE = YES_ERROR;
				CLANG_WARN_DOCUMENTATION_COMMENTS = YES;
				CLANG_WARN_EMPTY_BODY = YES;
				CLANG_WARN_ENUM_CONVERSION = YES;
				CLANG_WARN_INFINITE_RECURSION = YES;
				CLANG_WARN_INT_CONVERSION = YES;
				CLANG_WARN_NON_LITERAL_NULL_CONVERSION = YES;
				CLANG_WARN_OBJC_IMPLICIT_RETAIN_SELF = YES;
				CLANG_WARN_OBJC_LITERAL_CONVERSION = YES;
				CLANG_WARN_OBJC_ROOT_CLASS = YES_ERROR;
				CLANG_WARN_QUOTED_INCLUDE_IN_FRAMEWORK_HEADER = YES;
				CLANG_WARN_RANGE_LOOP_ANALYSIS = YES;
				CLANG_WARN_STRICT_PROTOTYPES = YES;
				CLANG_WARN_SUSPICIOUS_MOVE = YES;
				CLANG_WARN_UNGUARDED_AVAILABILITY = YES_AGGRESSIVE;
				CLANG_WARN_UNREACHABLE_CODE = YES;
				CLANG_WARN__DUPLICATE_METHOD_MATCH = YES;
				COPY_PHASE_STRIP = NO;
				DEBUG_INFORMATION_FORMAT = "dwarf-with-dsym";
				ENABLE_NS_ASSERTIONS = NO;
				ENABLE_STRICT_OBJC_MSGSEND = YES;
				ENABLE_USER_SCRIPT_SANDBOXING = YES;
				GCC_C_LANGUAGE_STANDARD = gnu17;
				GCC_NO_COMMON_BLOCKS = YES;
				GCC_WARN_64_TO_32_BIT_CONVERSION = YES;
				GCC_WARN_ABOUT_RETURN_TYPE = YES_ERROR;
				GCC_WARN_UNDECLARED_SELECTOR = YES;
				GCC_WARN_UNINITIALIZED_AUTOS = YES_AGGRESSIVE;
				GCC_WARN_UNUSED_FUNCTION = YES;
				GCC_WARN_UNUSED_VARIABLE = YES;
				IPHONEOS_DEPLOYMENT_TARGET = 17.4;
				LOCALIZATION_PREFERS_STRING_CATALOGS = YES;
				MTL_ENABLE_DEBUG_INFO = NO;
				MTL_FAST_MATH = YES;
				SDKROOT = iphoneos;
				SWIFT_COMPILATION_MODE = wholemodule;
				VALIDATE_PRODUCT = YES;
			};
			name = Release;
		};
		002ABF762C73A3A300FFCC86 /* Debug */ = {
			isa = XCBuildConfiguration;
			buildSettings = {
				ASSETCATALOG_COMPILER_APPICON_NAME = AppIcon;
				ASSETCATALOG_COMPILER_GLOBAL_ACCENT_COLOR_NAME = AccentColor;
				CODE_SIGN_STYLE = Automatic;
				CURRENT_PROJECT_VERSION = 1;
				DEVELOPMENT_ASSET_PATHS = "\"carQuest/Preview Content\"";
				DEVELOPMENT_TEAM = K54C8RV3DL;
				ENABLE_PREVIEWS = YES;
				GENERATE_INFOPLIST_FILE = YES;
				INFOPLIST_FILE = carQuest/Info.plist;
				INFOPLIST_KEY_NSLocationAlwaysUsageDescription = "";
				INFOPLIST_KEY_NSLocationWhenInUseUsageDescription = 1.0;
				INFOPLIST_KEY_UIApplicationSceneManifest_Generation = YES;
				INFOPLIST_KEY_UIApplicationSupportsIndirectInputEvents = YES;
				INFOPLIST_KEY_UILaunchScreen_Generation = YES;
				INFOPLIST_KEY_UISupportedInterfaceOrientations_iPad = "UIInterfaceOrientationPortrait UIInterfaceOrientationPortraitUpsideDown UIInterfaceOrientationLandscapeLeft UIInterfaceOrientationLandscapeRight";
				INFOPLIST_KEY_UISupportedInterfaceOrientations_iPhone = "UIInterfaceOrientationPortrait UIInterfaceOrientationLandscapeLeft UIInterfaceOrientationLandscapeRight";
				IPHONEOS_DEPLOYMENT_TARGET = 17.0;
				LD_RUNPATH_SEARCH_PATHS = (
					"$(inherited)",
					"@executable_path/Frameworks",
				);
				MARKETING_VERSION = 1.0;
				PRODUCT_BUNDLE_IDENTIFIER = mquinn.carQuest1;
				PRODUCT_NAME = "$(TARGET_NAME)";
				SWIFT_EMIT_LOC_STRINGS = YES;
				SWIFT_VERSION = 5.0;
				TARGETED_DEVICE_FAMILY = "1,2";
			};
			name = Debug;
		};
		002ABF772C73A3A300FFCC86 /* Release */ = {
			isa = XCBuildConfiguration;
			buildSettings = {
				ASSETCATALOG_COMPILER_APPICON_NAME = AppIcon;
				ASSETCATALOG_COMPILER_GLOBAL_ACCENT_COLOR_NAME = AccentColor;
				CODE_SIGN_STYLE = Automatic;
				CURRENT_PROJECT_VERSION = 1;
				DEVELOPMENT_ASSET_PATHS = "\"carQuest/Preview Content\"";
				DEVELOPMENT_TEAM = K54C8RV3DL;
				ENABLE_PREVIEWS = YES;
				GENERATE_INFOPLIST_FILE = YES;
				INFOPLIST_FILE = carQuest/Info.plist;
				INFOPLIST_KEY_NSLocationAlwaysUsageDescription = "";
				INFOPLIST_KEY_NSLocationWhenInUseUsageDescription = 1.0;
				INFOPLIST_KEY_UIApplicationSceneManifest_Generation = YES;
				INFOPLIST_KEY_UIApplicationSupportsIndirectInputEvents = YES;
				INFOPLIST_KEY_UILaunchScreen_Generation = YES;
				INFOPLIST_KEY_UISupportedInterfaceOrientations_iPad = "UIInterfaceOrientationPortrait UIInterfaceOrientationPortraitUpsideDown UIInterfaceOrientationLandscapeLeft UIInterfaceOrientationLandscapeRight";
				INFOPLIST_KEY_UISupportedInterfaceOrientations_iPhone = "UIInterfaceOrientationPortrait UIInterfaceOrientationLandscapeLeft UIInterfaceOrientationLandscapeRight";
				IPHONEOS_DEPLOYMENT_TARGET = 17.0;
				LD_RUNPATH_SEARCH_PATHS = (
					"$(inherited)",
					"@executable_path/Frameworks",
				);
				MARKETING_VERSION = 1.0;
				PRODUCT_BUNDLE_IDENTIFIER = mquinn.carQuest1;
				PRODUCT_NAME = "$(TARGET_NAME)";
				SWIFT_EMIT_LOC_STRINGS = YES;
				SWIFT_VERSION = 5.0;
				TARGETED_DEVICE_FAMILY = "1,2";
			};
			name = Release;
		};
/* End XCBuildConfiguration section */

/* Begin XCConfigurationList section */
		002ABF622C73A3A100FFCC86 /* Build configuration list for PBXProject "carQuest" */ = {
			isa = XCConfigurationList;
			buildConfigurations = (
				002ABF732C73A3A300FFCC86 /* Debug */,
				002ABF742C73A3A300FFCC86 /* Release */,
			);
			defaultConfigurationIsVisible = 0;
			defaultConfigurationName = Release;
		};
		002ABF752C73A3A300FFCC86 /* Build configuration list for PBXNativeTarget "carQuest" */ = {
			isa = XCConfigurationList;
			buildConfigurations = (
				002ABF762C73A3A300FFCC86 /* Debug */,
				002ABF772C73A3A300FFCC86 /* Release */,
			);
			defaultConfigurationIsVisible = 0;
			defaultConfigurationName = Release;
		};
/* End XCConfigurationList section */

/* Begin XCRemoteSwiftPackageReference section */
		2287A9772C9474D800EB7D34 /* XCRemoteSwiftPackageReference "GoogleSignIn-iOS" */ = {
			isa = XCRemoteSwiftPackageReference;
			repositoryURL = "https://github.com/google/GoogleSignIn-iOS.git";
			requirement = {
				kind = upToNextMajorVersion;
				minimumVersion = 8.0.0;
			};
		};
		22C6DF0A2C91EF4F00F41EB3 /* XCRemoteSwiftPackageReference "firebase-ios-sdk" */ = {
			isa = XCRemoteSwiftPackageReference;
			repositoryURL = "https://github.com/firebase/firebase-ios-sdk";
			requirement = {
				kind = upToNextMajorVersion;
				minimumVersion = 11.2.0;
			};
		};
/* End XCRemoteSwiftPackageReference section */

/* Begin XCSwiftPackageProductDependency section */
		2287A9782C9474D900EB7D34 /* GoogleSignIn */ = {
			isa = XCSwiftPackageProductDependency;
			package = 2287A9772C9474D800EB7D34 /* XCRemoteSwiftPackageReference "GoogleSignIn-iOS" */;
			productName = GoogleSignIn;
		};
		2287A97A2C9474D900EB7D34 /* GoogleSignInSwift */ = {
			isa = XCSwiftPackageProductDependency;
			package = 2287A9772C9474D800EB7D34 /* XCRemoteSwiftPackageReference "GoogleSignIn-iOS" */;
			productName = GoogleSignInSwift;
		};
		22C6DF0B2C91EF4F00F41EB3 /* FirebaseAnalytics */ = {
			isa = XCSwiftPackageProductDependency;
			package = 22C6DF0A2C91EF4F00F41EB3 /* XCRemoteSwiftPackageReference "firebase-ios-sdk" */;
			productName = FirebaseAnalytics;
		};
		22C6DF0D2C91EF4F00F41EB3 /* FirebaseAnalyticsOnDeviceConversion */ = {
			isa = XCSwiftPackageProductDependency;
			package = 22C6DF0A2C91EF4F00F41EB3 /* XCRemoteSwiftPackageReference "firebase-ios-sdk" */;
			productName = FirebaseAnalyticsOnDeviceConversion;
		};
		22C6DF0F2C91EF4F00F41EB3 /* FirebaseAnalyticsWithoutAdIdSupport */ = {
			isa = XCSwiftPackageProductDependency;
			package = 22C6DF0A2C91EF4F00F41EB3 /* XCRemoteSwiftPackageReference "firebase-ios-sdk" */;
			productName = FirebaseAnalyticsWithoutAdIdSupport;
		};
		22C6DF112C91EF4F00F41EB3 /* FirebaseAppCheck */ = {
			isa = XCSwiftPackageProductDependency;
			package = 22C6DF0A2C91EF4F00F41EB3 /* XCRemoteSwiftPackageReference "firebase-ios-sdk" */;
			productName = FirebaseAppCheck;
		};
		22C6DF132C91EF4F00F41EB3 /* FirebaseAppDistribution-Beta */ = {
			isa = XCSwiftPackageProductDependency;
			package = 22C6DF0A2C91EF4F00F41EB3 /* XCRemoteSwiftPackageReference "firebase-ios-sdk" */;
			productName = "FirebaseAppDistribution-Beta";
		};
		22C6DF152C91EF4F00F41EB3 /* FirebaseAuth */ = {
			isa = XCSwiftPackageProductDependency;
			package = 22C6DF0A2C91EF4F00F41EB3 /* XCRemoteSwiftPackageReference "firebase-ios-sdk" */;
			productName = FirebaseAuth;
		};
		22C6DF172C91EF4F00F41EB3 /* FirebaseAuthCombine-Community */ = {
			isa = XCSwiftPackageProductDependency;
			package = 22C6DF0A2C91EF4F00F41EB3 /* XCRemoteSwiftPackageReference "firebase-ios-sdk" */;
			productName = "FirebaseAuthCombine-Community";
		};
		22C6DF192C91EF4F00F41EB3 /* FirebaseCrashlytics */ = {
			isa = XCSwiftPackageProductDependency;
			package = 22C6DF0A2C91EF4F00F41EB3 /* XCRemoteSwiftPackageReference "firebase-ios-sdk" */;
			productName = FirebaseCrashlytics;
		};
		22C6DF1B2C91EF4F00F41EB3 /* FirebaseDatabase */ = {
			isa = XCSwiftPackageProductDependency;
			package = 22C6DF0A2C91EF4F00F41EB3 /* XCRemoteSwiftPackageReference "firebase-ios-sdk" */;
			productName = FirebaseDatabase;
		};
		22C6DF1D2C91EF4F00F41EB3 /* FirebaseDynamicLinks */ = {
			isa = XCSwiftPackageProductDependency;
			package = 22C6DF0A2C91EF4F00F41EB3 /* XCRemoteSwiftPackageReference "firebase-ios-sdk" */;
			productName = FirebaseDynamicLinks;
		};
		22C6DF1F2C91EF4F00F41EB3 /* FirebaseFirestore */ = {
			isa = XCSwiftPackageProductDependency;
			package = 22C6DF0A2C91EF4F00F41EB3 /* XCRemoteSwiftPackageReference "firebase-ios-sdk" */;
			productName = FirebaseFirestore;
		};
		22C6DF212C91EF4F00F41EB3 /* FirebaseFirestoreCombine-Community */ = {
			isa = XCSwiftPackageProductDependency;
			package = 22C6DF0A2C91EF4F00F41EB3 /* XCRemoteSwiftPackageReference "firebase-ios-sdk" */;
			productName = "FirebaseFirestoreCombine-Community";
		};
		22C6DF232C91EF4F00F41EB3 /* FirebaseFunctions */ = {
			isa = XCSwiftPackageProductDependency;
			package = 22C6DF0A2C91EF4F00F41EB3 /* XCRemoteSwiftPackageReference "firebase-ios-sdk" */;
			productName = FirebaseFunctions;
		};
		22C6DF252C91EF4F00F41EB3 /* FirebaseFunctionsCombine-Community */ = {
			isa = XCSwiftPackageProductDependency;
			package = 22C6DF0A2C91EF4F00F41EB3 /* XCRemoteSwiftPackageReference "firebase-ios-sdk" */;
			productName = "FirebaseFunctionsCombine-Community";
		};
		22C6DF272C91EF4F00F41EB3 /* FirebaseInAppMessaging-Beta */ = {
			isa = XCSwiftPackageProductDependency;
			package = 22C6DF0A2C91EF4F00F41EB3 /* XCRemoteSwiftPackageReference "firebase-ios-sdk" */;
			productName = "FirebaseInAppMessaging-Beta";
		};
		22C6DF292C91EF4F00F41EB3 /* FirebaseInstallations */ = {
			isa = XCSwiftPackageProductDependency;
			package = 22C6DF0A2C91EF4F00F41EB3 /* XCRemoteSwiftPackageReference "firebase-ios-sdk" */;
			productName = FirebaseInstallations;
		};
		22C6DF2B2C91EF4F00F41EB3 /* FirebaseMLModelDownloader */ = {
			isa = XCSwiftPackageProductDependency;
			package = 22C6DF0A2C91EF4F00F41EB3 /* XCRemoteSwiftPackageReference "firebase-ios-sdk" */;
			productName = FirebaseMLModelDownloader;
		};
		22C6DF2D2C91EF4F00F41EB3 /* FirebaseMessaging */ = {
			isa = XCSwiftPackageProductDependency;
			package = 22C6DF0A2C91EF4F00F41EB3 /* XCRemoteSwiftPackageReference "firebase-ios-sdk" */;
			productName = FirebaseMessaging;
		};
		22C6DF2F2C91EF4F00F41EB3 /* FirebasePerformance */ = {
			isa = XCSwiftPackageProductDependency;
			package = 22C6DF0A2C91EF4F00F41EB3 /* XCRemoteSwiftPackageReference "firebase-ios-sdk" */;
			productName = FirebasePerformance;
		};
		22C6DF312C91EF4F00F41EB3 /* FirebaseRemoteConfig */ = {
			isa = XCSwiftPackageProductDependency;
			package = 22C6DF0A2C91EF4F00F41EB3 /* XCRemoteSwiftPackageReference "firebase-ios-sdk" */;
			productName = FirebaseRemoteConfig;
		};
		22C6DF332C91EF4F00F41EB3 /* FirebaseStorage */ = {
			isa = XCSwiftPackageProductDependency;
			package = 22C6DF0A2C91EF4F00F41EB3 /* XCRemoteSwiftPackageReference "firebase-ios-sdk" */;
			productName = FirebaseStorage;
		};
		22C6DF352C91EF4F00F41EB3 /* FirebaseStorageCombine-Community */ = {
			isa = XCSwiftPackageProductDependency;
			package = 22C6DF0A2C91EF4F00F41EB3 /* XCRemoteSwiftPackageReference "firebase-ios-sdk" */;
			productName = "FirebaseStorageCombine-Community";
		};
		22C6DF372C91EF4F00F41EB3 /* FirebaseVertexAI-Preview */ = {
			isa = XCSwiftPackageProductDependency;
			package = 22C6DF0A2C91EF4F00F41EB3 /* XCRemoteSwiftPackageReference "firebase-ios-sdk" */;
			productName = "FirebaseVertexAI-Preview";
		};
/* End XCSwiftPackageProductDependency section */
	};
	rootObject = 002ABF5F2C73A3A100FFCC86 /* Project object */;
}
