// !$*UTF8*$!
{
	archiveVersion = 1;
	classes = {
	};
	objectVersion = 56;
	objects = {

/* Begin PBXBuildFile section */
		001111422CB56DBB001F877D /* LocationManager.swift in Sources */ = {isa = PBXBuildFile; fileRef = 001111412CB56DBB001F877D /* LocationManager.swift */; };
		001111442CB58C41001F877D /* ImageManager.swift in Sources */ = {isa = PBXBuildFile; fileRef = 001111432CB58C41001F877D /* ImageManager.swift */; };
		002ABF6B2C73A3A100FFCC86 /* carQuestApp.swift in Sources */ = {isa = PBXBuildFile; fileRef = 002ABF6A2C73A3A100FFCC86 /* carQuestApp.swift */; };
		002ABF6D2C73A3A100FFCC86 /* ContentView.swift in Sources */ = {isa = PBXBuildFile; fileRef = 002ABF6C2C73A3A100FFCC86 /* ContentView.swift */; };
		002ABF6F2C73A3A300FFCC86 /* Assets.xcassets in Resources */ = {isa = PBXBuildFile; fileRef = 002ABF6E2C73A3A300FFCC86 /* Assets.xcassets */; };
		002ABF722C73A3A300FFCC86 /* Preview Assets.xcassets in Resources */ = {isa = PBXBuildFile; fileRef = 002ABF712C73A3A300FFCC86 /* Preview Assets.xcassets */; };
		0042038F2C7622EA00B7FFCD /* Jost-Regular.ttf in Resources */ = {isa = PBXBuildFile; fileRef = 0042038E2C7622E900B7FFCD /* Jost-Regular.ttf */; };
		004B33C22CDBB85100571C1C /* MainChatView.swift in Sources */ = {isa = PBXBuildFile; fileRef = 004B33C12CDBB85100571C1C /* MainChatView.swift */; };
		004B33C42CDBBC2100571C1C /* ChatView.swift in Sources */ = {isa = PBXBuildFile; fileRef = 004B33C32CDBBC2100571C1C /* ChatView.swift */; };
		005577832CDE777C00E9A69A /* AuctionView.swift in Sources */ = {isa = PBXBuildFile; fileRef = 005577822CDE777C00E9A69A /* AuctionView.swift */; };
		005577852CDE7CC300E9A69A /* AuctionListingView.swift in Sources */ = {isa = PBXBuildFile; fileRef = 005577842CDE7CC300E9A69A /* AuctionListingView.swift */; };
		00A723692D09E47700AF6CEC /* SettingsViews.swift in Sources */ = {isa = PBXBuildFile; fileRef = 00A723682D09E47700AF6CEC /* SettingsViews.swift */; };
		00A7236B2D09FC2F00AF6CEC /* NotificationsView.swift in Sources */ = {isa = PBXBuildFile; fileRef = 00A7236A2D09FC2F00AF6CEC /* NotificationsView.swift */; };
		00A7236E2D0A014400AF6CEC /* BuyingView.swift in Sources */ = {isa = PBXBuildFile; fileRef = 00A7236D2D0A014400AF6CEC /* BuyingView.swift */; };
		00B934362D31680C00213F7F /* OtherUserProfile.swift in Sources */ = {isa = PBXBuildFile; fileRef = 00B934352D31680C00213F7F /* OtherUserProfile.swift */; };
		00BF079C2C80D21E000404AA /* listingCreation.swift in Sources */ = {isa = PBXBuildFile; fileRef = 00BF079B2C80D21E000404AA /* listingCreation.swift */; };
		00CF05332CA313B900E53D2F /* GoogleService-Info.plist in Resources */ = {isa = PBXBuildFile; fileRef = 00CF05322CA313B900E53D2F /* GoogleService-Info.plist */; };
		00CF05352CA3144000E53D2F /* listingView.swift in Sources */ = {isa = PBXBuildFile; fileRef = 00CF05342CA3144000E53D2F /* listingView.swift */; };
		00E32F042C763EC100840AAA /* ZingRustDemo-Base.otf in Resources */ = {isa = PBXBuildFile; fileRef = 00E32F032C763EC100840AAA /* ZingRustDemo-Base.otf */; };
		00E74E022CF0D94600196B00 /* ChatViewModel.swift in Sources */ = {isa = PBXBuildFile; fileRef = 00E74E012CF0D94600196B00 /* ChatViewModel.swift */; };
		00F494862CE644E40047BC56 /* CreateNewMessage.swift in Sources */ = {isa = PBXBuildFile; fileRef = 00F494852CE644E40047BC56 /* CreateNewMessage.swift */; };
		00F5C0C12CAB07B900856E1E /* rentView.swift in Sources */ = {isa = PBXBuildFile; fileRef = 00F5C0C02CAB07B900856E1E /* rentView.swift */; };
		00FB293D2C7E2A1600A67EF1 /* SignInView.swift in Sources */ = {isa = PBXBuildFile; fileRef = 00FB293C2C7E2A1600A67EF1 /* SignInView.swift */; };
		222323BE2D148A8F00CD7B68 /* GoogleSignIn in Frameworks */ = {isa = PBXBuildFile; productRef = 222323BD2D148A8F00CD7B68 /* GoogleSignIn */; };
		222323C02D148A8F00CD7B68 /* GoogleSignInSwift in Frameworks */ = {isa = PBXBuildFile; productRef = 222323BF2D148A8F00CD7B68 /* GoogleSignInSwift */; };
		227AF15B2CAD86D2005A23F0 /* ResetPassword.swift in Sources */ = {isa = PBXBuildFile; fileRef = 227AF15A2CAD86D2005A23F0 /* ResetPassword.swift */; };
		2287A97E2C94799C00EB7D34 /* Utilities.swift in Sources */ = {isa = PBXBuildFile; fileRef = 2287A97D2C94799C00EB7D34 /* Utilities.swift */; };
		2287A9812C94825D00EB7D34 /* AuthenticationManager.swift in Sources */ = {isa = PBXBuildFile; fileRef = 2287A9802C94825D00EB7D34 /* AuthenticationManager.swift */; };
		22C6DF092C91D31A00F41EB3 /* RootView.swift in Sources */ = {isa = PBXBuildFile; fileRef = 22C6DF082C91D31A00F41EB3 /* RootView.swift */; };
		22CB13652CA5A63A00BACD8F /* AuthenticationViewModels.swift in Sources */ = {isa = PBXBuildFile; fileRef = 22CB13642CA5A63A00BACD8F /* AuthenticationViewModels.swift */; };
		22CB13672CA5B5C500BACD8F /* SignUpView.swift in Sources */ = {isa = PBXBuildFile; fileRef = 22CB13662CA5B5C500BACD8F /* SignUpView.swift */; };
		22D59B652D4D154A00E8961A /* ReviewView.swift in Sources */ = {isa = PBXBuildFile; fileRef = 22D59B642D4D154A00E8961A /* ReviewView.swift */; };
		22D59B672D4D208900E8961A /* Review.swift in Sources */ = {isa = PBXBuildFile; fileRef = 22D59B662D4D208900E8961A /* Review.swift */; };
		22E10F282CE66CC800BA1272 /* FirebaseAnalytics in Frameworks */ = {isa = PBXBuildFile; productRef = 22E10F272CE66CC800BA1272 /* FirebaseAnalytics */; };
		22E10F2A2CE66CC800BA1272 /* FirebaseAnalyticsOnDeviceConversion in Frameworks */ = {isa = PBXBuildFile; productRef = 22E10F292CE66CC800BA1272 /* FirebaseAnalyticsOnDeviceConversion */; };
		22E10F2C2CE66CC800BA1272 /* FirebaseAnalyticsWithoutAdIdSupport in Frameworks */ = {isa = PBXBuildFile; productRef = 22E10F2B2CE66CC800BA1272 /* FirebaseAnalyticsWithoutAdIdSupport */; };
		22E10F2E2CE66CC800BA1272 /* FirebaseAppCheck in Frameworks */ = {isa = PBXBuildFile; productRef = 22E10F2D2CE66CC800BA1272 /* FirebaseAppCheck */; };
		22E10F302CE66CC800BA1272 /* FirebaseAppDistribution-Beta in Frameworks */ = {isa = PBXBuildFile; productRef = 22E10F2F2CE66CC800BA1272 /* FirebaseAppDistribution-Beta */; };
		22E10F322CE66D1400BA1272 /* SDWebImageSwiftUI in Frameworks */ = {isa = PBXBuildFile; productRef = 22E10F312CE66D1400BA1272 /* SDWebImageSwiftUI */; };
		22E10F342CE66D1F00BA1272 /* GoogleSignIn in Frameworks */ = {isa = PBXBuildFile; productRef = 22E10F332CE66D1F00BA1272 /* GoogleSignIn */; };
		22E10F362CE66D1F00BA1272 /* GoogleSignInSwift in Frameworks */ = {isa = PBXBuildFile; productRef = 22E10F352CE66D1F00BA1272 /* GoogleSignInSwift */; };
		22E4F97B2CD3BEB9003A43AA /* FirebaseAnalytics in Frameworks */ = {isa = PBXBuildFile; productRef = 22E4F97A2CD3BEB9003A43AA /* FirebaseAnalytics */; };
		22E4F97D2CD3BEB9003A43AA /* FirebaseAnalyticsOnDeviceConversion in Frameworks */ = {isa = PBXBuildFile; productRef = 22E4F97C2CD3BEB9003A43AA /* FirebaseAnalyticsOnDeviceConversion */; };
		22E4F97F2CD3BEB9003A43AA /* FirebaseAnalyticsWithoutAdIdSupport in Frameworks */ = {isa = PBXBuildFile; productRef = 22E4F97E2CD3BEB9003A43AA /* FirebaseAnalyticsWithoutAdIdSupport */; };
		22E4F9812CD3BEB9003A43AA /* FirebaseAppCheck in Frameworks */ = {isa = PBXBuildFile; productRef = 22E4F9802CD3BEB9003A43AA /* FirebaseAppCheck */; };
		22E4F9832CD3BEB9003A43AA /* FirebaseAppDistribution-Beta in Frameworks */ = {isa = PBXBuildFile; productRef = 22E4F9822CD3BEB9003A43AA /* FirebaseAppDistribution-Beta */; };
		22E4F9862CD3BEE8003A43AA /* GoogleSignIn in Frameworks */ = {isa = PBXBuildFile; productRef = 22E4F9852CD3BEE8003A43AA /* GoogleSignIn */; };
		22E4F9882CD3BEE8003A43AA /* GoogleSignInSwift in Frameworks */ = {isa = PBXBuildFile; productRef = 22E4F9872CD3BEE8003A43AA /* GoogleSignInSwift */; };
		22E4F98B2CD3BF00003A43AA /* SDWebImageSwiftUI in Frameworks */ = {isa = PBXBuildFile; productRef = 22E4F98A2CD3BF00003A43AA /* SDWebImageSwiftUI */; };
		22E4F98E2CD3C002003A43AA /* FirebaseAuth in Frameworks */ = {isa = PBXBuildFile; productRef = 22E4F98D2CD3C002003A43AA /* FirebaseAuth */; };
		22E4F9902CD3C025003A43AA /* FirebaseFirestore in Frameworks */ = {isa = PBXBuildFile; productRef = 22E4F98F2CD3C025003A43AA /* FirebaseFirestore */; };
		22E4F9942CD3CA1E003A43AA /* FirebaseAnalytics in Frameworks */ = {isa = PBXBuildFile; productRef = 22E4F9932CD3CA1E003A43AA /* FirebaseAnalytics */; };
		22E4F9962CD3CA1E003A43AA /* FirebaseAnalyticsOnDeviceConversion in Frameworks */ = {isa = PBXBuildFile; productRef = 22E4F9952CD3CA1E003A43AA /* FirebaseAnalyticsOnDeviceConversion */; };
		22E4F9982CD3CA1E003A43AA /* FirebaseAnalyticsWithoutAdIdSupport in Frameworks */ = {isa = PBXBuildFile; productRef = 22E4F9972CD3CA1E003A43AA /* FirebaseAnalyticsWithoutAdIdSupport */; };
		22E4F99A2CD3CA1E003A43AA /* FirebaseAppCheck in Frameworks */ = {isa = PBXBuildFile; productRef = 22E4F9992CD3CA1E003A43AA /* FirebaseAppCheck */; };
		22E4F99C2CD3CA1E003A43AA /* FirebaseAppDistribution-Beta in Frameworks */ = {isa = PBXBuildFile; productRef = 22E4F99B2CD3CA1E003A43AA /* FirebaseAppDistribution-Beta */; };
		22E4F99E2CD3CA1E003A43AA /* FirebaseAuth in Frameworks */ = {isa = PBXBuildFile; productRef = 22E4F99D2CD3CA1E003A43AA /* FirebaseAuth */; };
		22E4F9A02CD3CA1E003A43AA /* FirebaseAuthCombine-Community in Frameworks */ = {isa = PBXBuildFile; productRef = 22E4F99F2CD3CA1E003A43AA /* FirebaseAuthCombine-Community */; };
		22E4F9A22CD3CA1E003A43AA /* FirebaseCore in Frameworks */ = {isa = PBXBuildFile; productRef = 22E4F9A12CD3CA1E003A43AA /* FirebaseCore */; };
		22E4F9A42CD3CA1E003A43AA /* FirebaseCrashlytics in Frameworks */ = {isa = PBXBuildFile; productRef = 22E4F9A32CD3CA1E003A43AA /* FirebaseCrashlytics */; };
		22E4F9A62CD3CA1E003A43AA /* FirebaseDatabase in Frameworks */ = {isa = PBXBuildFile; productRef = 22E4F9A52CD3CA1E003A43AA /* FirebaseDatabase */; };
		22E4F9A82CD3CA1E003A43AA /* FirebaseDynamicLinks in Frameworks */ = {isa = PBXBuildFile; productRef = 22E4F9A72CD3CA1E003A43AA /* FirebaseDynamicLinks */; };
		22E4F9AA2CD3CA1E003A43AA /* FirebaseFirestore in Frameworks */ = {isa = PBXBuildFile; productRef = 22E4F9A92CD3CA1E003A43AA /* FirebaseFirestore */; };
		22E4F9AC2CD3CA1E003A43AA /* FirebaseFirestoreCombine-Community in Frameworks */ = {isa = PBXBuildFile; productRef = 22E4F9AB2CD3CA1E003A43AA /* FirebaseFirestoreCombine-Community */; };
		22E4F9AE2CD3CA1E003A43AA /* FirebaseFunctions in Frameworks */ = {isa = PBXBuildFile; productRef = 22E4F9AD2CD3CA1E003A43AA /* FirebaseFunctions */; };
		22E4F9B02CD3CA1E003A43AA /* FirebaseFunctionsCombine-Community in Frameworks */ = {isa = PBXBuildFile; productRef = 22E4F9AF2CD3CA1E003A43AA /* FirebaseFunctionsCombine-Community */; };
		22E4F9B22CD3CA1E003A43AA /* FirebaseInAppMessaging-Beta in Frameworks */ = {isa = PBXBuildFile; productRef = 22E4F9B12CD3CA1E003A43AA /* FirebaseInAppMessaging-Beta */; };
		22E4F9B42CD3CA1E003A43AA /* FirebaseInstallations in Frameworks */ = {isa = PBXBuildFile; productRef = 22E4F9B32CD3CA1E003A43AA /* FirebaseInstallations */; };
		22E4F9B62CD3CA1E003A43AA /* FirebaseMLModelDownloader in Frameworks */ = {isa = PBXBuildFile; productRef = 22E4F9B52CD3CA1E003A43AA /* FirebaseMLModelDownloader */; };
		22E4F9B82CD3CA1E003A43AA /* FirebaseMessaging in Frameworks */ = {isa = PBXBuildFile; productRef = 22E4F9B72CD3CA1E003A43AA /* FirebaseMessaging */; };
		22E4F9BA2CD3CA1E003A43AA /* FirebasePerformance in Frameworks */ = {isa = PBXBuildFile; productRef = 22E4F9B92CD3CA1E003A43AA /* FirebasePerformance */; };
		22E4F9BC2CD3CA1E003A43AA /* FirebaseRemoteConfig in Frameworks */ = {isa = PBXBuildFile; productRef = 22E4F9BB2CD3CA1E003A43AA /* FirebaseRemoteConfig */; };
		22E4F9BE2CD3CA1E003A43AA /* FirebaseStorage in Frameworks */ = {isa = PBXBuildFile; productRef = 22E4F9BD2CD3CA1E003A43AA /* FirebaseStorage */; };
		22E4F9C02CD3CA1E003A43AA /* FirebaseStorageCombine-Community in Frameworks */ = {isa = PBXBuildFile; productRef = 22E4F9BF2CD3CA1E003A43AA /* FirebaseStorageCombine-Community */; };
		22E4F9C22CD3CA1E003A43AA /* FirebaseVertexAI in Frameworks */ = {isa = PBXBuildFile; productRef = 22E4F9C12CD3CA1E003A43AA /* FirebaseVertexAI */; };
		6F2EBC842C948E7100EF07FC /* Constants.swift in Sources */ = {isa = PBXBuildFile; fileRef = 6F2EBC832C948E7100EF07FC /* Constants.swift */; };
		6F2EBC862C948E9100EF07FC /* Helpers.swift in Sources */ = {isa = PBXBuildFile; fileRef = 6F2EBC852C948E9100EF07FC /* Helpers.swift */; };
		6F2EBC882C948EB700EF07FC /* Extensions.swift in Sources */ = {isa = PBXBuildFile; fileRef = 6F2EBC872C948EB700EF07FC /* Extensions.swift */; };
		6F2EBC982C94936700EF07FC /* ProfileView.swift in Sources */ = {isa = PBXBuildFile; fileRef = 6F2EBC972C94936700EF07FC /* ProfileView.swift */; };
		6F2EBC9A2C94937700EF07FC /* UserProfileView.swift in Sources */ = {isa = PBXBuildFile; fileRef = 6F2EBC992C94937700EF07FC /* UserProfileView.swift */; };
		6F2EBC9C2C94938400EF07FC /* HomeView.swift in Sources */ = {isa = PBXBuildFile; fileRef = 6F2EBC9B2C94938400EF07FC /* HomeView.swift */; };
		6F2EBCA02C94947200EF07FC /* CarBox.swift in Sources */ = {isa = PBXBuildFile; fileRef = 6F2EBC9F2C94947200EF07FC /* CarBox.swift */; };
		6F2EBCA62C94964500EF07FC /* CarModel.swift in Sources */ = {isa = PBXBuildFile; fileRef = 6F2EBCA52C94964500EF07FC /* CarModel.swift */; };
		6F2EBCA82C94965300EF07FC /* RideViewModel.swift in Sources */ = {isa = PBXBuildFile; fileRef = 6F2EBCA72C94965300EF07FC /* RideViewModel.swift */; };
		6F2EBCAA2C9496EE00EF07FC /* UserViewModel.swift in Sources */ = {isa = PBXBuildFile; fileRef = 6F2EBCA92C9496EE00EF07FC /* UserViewModel.swift */; };
		6F2EBCAF2C9497E100EF07FC /* UserManager.swift in Sources */ = {isa = PBXBuildFile; fileRef = 6F2EBCAE2C9497E100EF07FC /* UserManager.swift */; };
		6F2EBCB12C9497EE00EF07FC /* Car.swift in Sources */ = {isa = PBXBuildFile; fileRef = 6F2EBCB02C9497EE00EF07FC /* Car.swift */; };
/* End PBXBuildFile section */

/* Begin PBXFileReference section */
		001111412CB56DBB001F877D /* LocationManager.swift */ = {isa = PBXFileReference; lastKnownFileType = sourcecode.swift; path = LocationManager.swift; sourceTree = "<group>"; };
		001111432CB58C41001F877D /* ImageManager.swift */ = {isa = PBXFileReference; lastKnownFileType = sourcecode.swift; path = ImageManager.swift; sourceTree = "<group>"; };
		002ABF672C73A3A100FFCC86 /* carQuest.app */ = {isa = PBXFileReference; explicitFileType = wrapper.application; includeInIndex = 0; path = carQuest.app; sourceTree = BUILT_PRODUCTS_DIR; };
		002ABF6A2C73A3A100FFCC86 /* carQuestApp.swift */ = {isa = PBXFileReference; lastKnownFileType = sourcecode.swift; path = carQuestApp.swift; sourceTree = "<group>"; };
		002ABF6C2C73A3A100FFCC86 /* ContentView.swift */ = {isa = PBXFileReference; lastKnownFileType = sourcecode.swift; path = ContentView.swift; sourceTree = "<group>"; };
		002ABF6E2C73A3A300FFCC86 /* Assets.xcassets */ = {isa = PBXFileReference; lastKnownFileType = folder.assetcatalog; path = Assets.xcassets; sourceTree = "<group>"; };
		002ABF712C73A3A300FFCC86 /* Preview Assets.xcassets */ = {isa = PBXFileReference; lastKnownFileType = folder.assetcatalog; path = "Preview Assets.xcassets"; sourceTree = "<group>"; };
		0042038E2C7622E900B7FFCD /* Jost-Regular.ttf */ = {isa = PBXFileReference; lastKnownFileType = file; path = "Jost-Regular.ttf"; sourceTree = "<group>"; };
		004203902C76233000B7FFCD /* Info.plist */ = {isa = PBXFileReference; lastKnownFileType = text.plist; path = Info.plist; sourceTree = "<group>"; };
		004B33C12CDBB85100571C1C /* MainChatView.swift */ = {isa = PBXFileReference; lastKnownFileType = sourcecode.swift; path = MainChatView.swift; sourceTree = "<group>"; };
		004B33C32CDBBC2100571C1C /* ChatView.swift */ = {isa = PBXFileReference; lastKnownFileType = sourcecode.swift; path = ChatView.swift; sourceTree = "<group>"; };
		005577822CDE777C00E9A69A /* AuctionView.swift */ = {isa = PBXFileReference; lastKnownFileType = sourcecode.swift; path = AuctionView.swift; sourceTree = "<group>"; };
		005577842CDE7CC300E9A69A /* AuctionListingView.swift */ = {isa = PBXFileReference; lastKnownFileType = sourcecode.swift; path = AuctionListingView.swift; sourceTree = "<group>"; };
		00A723682D09E47700AF6CEC /* SettingsViews.swift */ = {isa = PBXFileReference; lastKnownFileType = sourcecode.swift; path = SettingsViews.swift; sourceTree = "<group>"; };
		00A7236A2D09FC2F00AF6CEC /* NotificationsView.swift */ = {isa = PBXFileReference; lastKnownFileType = sourcecode.swift; path = NotificationsView.swift; sourceTree = "<group>"; };
		00A7236D2D0A014400AF6CEC /* BuyingView.swift */ = {isa = PBXFileReference; lastKnownFileType = sourcecode.swift; path = BuyingView.swift; sourceTree = "<group>"; };
		00B934352D31680C00213F7F /* OtherUserProfile.swift */ = {isa = PBXFileReference; lastKnownFileType = sourcecode.swift; path = OtherUserProfile.swift; sourceTree = "<group>"; };
		00BF079B2C80D21E000404AA /* listingCreation.swift */ = {isa = PBXFileReference; lastKnownFileType = sourcecode.swift; path = listingCreation.swift; sourceTree = "<group>"; };
		00CF05322CA313B900E53D2F /* GoogleService-Info.plist */ = {isa = PBXFileReference; fileEncoding = 4; lastKnownFileType = text.plist.xml; path = "GoogleService-Info.plist"; sourceTree = "<group>"; };
		00CF05342CA3144000E53D2F /* listingView.swift */ = {isa = PBXFileReference; lastKnownFileType = sourcecode.swift; path = listingView.swift; sourceTree = "<group>"; };
		00E32F032C763EC100840AAA /* ZingRustDemo-Base.otf */ = {isa = PBXFileReference; lastKnownFileType = file; path = "ZingRustDemo-Base.otf"; sourceTree = "<group>"; };
		00E74E012CF0D94600196B00 /* ChatViewModel.swift */ = {isa = PBXFileReference; lastKnownFileType = sourcecode.swift; path = ChatViewModel.swift; sourceTree = "<group>"; };
		00F494852CE644E40047BC56 /* CreateNewMessage.swift */ = {isa = PBXFileReference; lastKnownFileType = sourcecode.swift; path = CreateNewMessage.swift; sourceTree = "<group>"; };
		00F5C0C02CAB07B900856E1E /* rentView.swift */ = {isa = PBXFileReference; lastKnownFileType = sourcecode.swift; path = rentView.swift; sourceTree = "<group>"; };
		00FB293C2C7E2A1600A67EF1 /* SignInView.swift */ = {isa = PBXFileReference; lastKnownFileType = sourcecode.swift; path = SignInView.swift; sourceTree = "<group>"; };
		227AF15A2CAD86D2005A23F0 /* ResetPassword.swift */ = {isa = PBXFileReference; lastKnownFileType = sourcecode.swift; path = ResetPassword.swift; sourceTree = "<group>"; };
		2287A97D2C94799C00EB7D34 /* Utilities.swift */ = {isa = PBXFileReference; lastKnownFileType = sourcecode.swift; path = Utilities.swift; sourceTree = "<group>"; };
		2287A9802C94825D00EB7D34 /* AuthenticationManager.swift */ = {isa = PBXFileReference; lastKnownFileType = sourcecode.swift; path = AuthenticationManager.swift; sourceTree = "<group>"; };
		22C6DF082C91D31A00F41EB3 /* RootView.swift */ = {isa = PBXFileReference; lastKnownFileType = sourcecode.swift; path = RootView.swift; sourceTree = "<group>"; };
		22CB13642CA5A63A00BACD8F /* AuthenticationViewModels.swift */ = {isa = PBXFileReference; lastKnownFileType = sourcecode.swift; path = AuthenticationViewModels.swift; sourceTree = "<group>"; };
		22CB13662CA5B5C500BACD8F /* SignUpView.swift */ = {isa = PBXFileReference; lastKnownFileType = sourcecode.swift; path = SignUpView.swift; sourceTree = "<group>"; };
		22D59B642D4D154A00E8961A /* ReviewView.swift */ = {isa = PBXFileReference; lastKnownFileType = sourcecode.swift; path = ReviewView.swift; sourceTree = "<group>"; };
		22D59B662D4D208900E8961A /* Review.swift */ = {isa = PBXFileReference; lastKnownFileType = sourcecode.swift; path = Review.swift; sourceTree = "<group>"; };
		6F2EBC832C948E7100EF07FC /* Constants.swift */ = {isa = PBXFileReference; lastKnownFileType = sourcecode.swift; path = Constants.swift; sourceTree = "<group>"; };
		6F2EBC852C948E9100EF07FC /* Helpers.swift */ = {isa = PBXFileReference; lastKnownFileType = sourcecode.swift; path = Helpers.swift; sourceTree = "<group>"; };
		6F2EBC872C948EB700EF07FC /* Extensions.swift */ = {isa = PBXFileReference; lastKnownFileType = sourcecode.swift; path = Extensions.swift; sourceTree = "<group>"; };
		6F2EBC972C94936700EF07FC /* ProfileView.swift */ = {isa = PBXFileReference; lastKnownFileType = sourcecode.swift; path = ProfileView.swift; sourceTree = "<group>"; };
		6F2EBC992C94937700EF07FC /* UserProfileView.swift */ = {isa = PBXFileReference; lastKnownFileType = sourcecode.swift; path = UserProfileView.swift; sourceTree = "<group>"; };
		6F2EBC9B2C94938400EF07FC /* HomeView.swift */ = {isa = PBXFileReference; lastKnownFileType = sourcecode.swift; path = HomeView.swift; sourceTree = "<group>"; };
		6F2EBC9F2C94947200EF07FC /* CarBox.swift */ = {isa = PBXFileReference; lastKnownFileType = sourcecode.swift; path = CarBox.swift; sourceTree = "<group>"; };
		6F2EBCA52C94964500EF07FC /* CarModel.swift */ = {isa = PBXFileReference; lastKnownFileType = sourcecode.swift; path = CarModel.swift; sourceTree = "<group>"; };
		6F2EBCA72C94965300EF07FC /* RideViewModel.swift */ = {isa = PBXFileReference; lastKnownFileType = sourcecode.swift; path = RideViewModel.swift; sourceTree = "<group>"; };
		6F2EBCA92C9496EE00EF07FC /* UserViewModel.swift */ = {isa = PBXFileReference; lastKnownFileType = sourcecode.swift; path = UserViewModel.swift; sourceTree = "<group>"; };
		6F2EBCAE2C9497E100EF07FC /* UserManager.swift */ = {isa = PBXFileReference; lastKnownFileType = sourcecode.swift; path = UserManager.swift; sourceTree = "<group>"; };
		6F2EBCB02C9497EE00EF07FC /* Car.swift */ = {isa = PBXFileReference; lastKnownFileType = sourcecode.swift; path = Car.swift; sourceTree = "<group>"; };
/* End PBXFileReference section */

/* Begin PBXFrameworksBuildPhase section */
		002ABF642C73A3A100FFCC86 /* Frameworks */ = {
			isa = PBXFrameworksBuildPhase;
			buildActionMask = 2147483647;
			files = (
				22E10F2E2CE66CC800BA1272 /* FirebaseAppCheck in Frameworks */,
				22E4F9982CD3CA1E003A43AA /* FirebaseAnalyticsWithoutAdIdSupport in Frameworks */,
				22E4F9812CD3BEB9003A43AA /* FirebaseAppCheck in Frameworks */,
				22E4F9BA2CD3CA1E003A43AA /* FirebasePerformance in Frameworks */,
				22E4F99C2CD3CA1E003A43AA /* FirebaseAppDistribution-Beta in Frameworks */,
				22E4F9B42CD3CA1E003A43AA /* FirebaseInstallations in Frameworks */,
				22E4F9BE2CD3CA1E003A43AA /* FirebaseStorage in Frameworks */,
				22E4F9AE2CD3CA1E003A43AA /* FirebaseFunctions in Frameworks */,
				222323BE2D148A8F00CD7B68 /* GoogleSignIn in Frameworks */,
				22E4F9A02CD3CA1E003A43AA /* FirebaseAuthCombine-Community in Frameworks */,
				22E10F362CE66D1F00BA1272 /* GoogleSignInSwift in Frameworks */,
				22E4F97B2CD3BEB9003A43AA /* FirebaseAnalytics in Frameworks */,
				22E4F9A82CD3CA1E003A43AA /* FirebaseDynamicLinks in Frameworks */,
				22E4F9882CD3BEE8003A43AA /* GoogleSignInSwift in Frameworks */,
				22E4F99A2CD3CA1E003A43AA /* FirebaseAppCheck in Frameworks */,
				22E4F9902CD3C025003A43AA /* FirebaseFirestore in Frameworks */,
				22E4F9BC2CD3CA1E003A43AA /* FirebaseRemoteConfig in Frameworks */,
				22E10F2C2CE66CC800BA1272 /* FirebaseAnalyticsWithoutAdIdSupport in Frameworks */,
				22E4F9AA2CD3CA1E003A43AA /* FirebaseFirestore in Frameworks */,
				22E4F9832CD3BEB9003A43AA /* FirebaseAppDistribution-Beta in Frameworks */,
				22E4F98E2CD3C002003A43AA /* FirebaseAuth in Frameworks */,
				22E4F9B22CD3CA1E003A43AA /* FirebaseInAppMessaging-Beta in Frameworks */,
				22E10F322CE66D1400BA1272 /* SDWebImageSwiftUI in Frameworks */,
				22E4F9B02CD3CA1E003A43AA /* FirebaseFunctionsCombine-Community in Frameworks */,
				22E4F9A62CD3CA1E003A43AA /* FirebaseDatabase in Frameworks */,
				22E4F9942CD3CA1E003A43AA /* FirebaseAnalytics in Frameworks */,
				22E4F9AC2CD3CA1E003A43AA /* FirebaseFirestoreCombine-Community in Frameworks */,
				22E4F9C02CD3CA1E003A43AA /* FirebaseStorageCombine-Community in Frameworks */,
				22E4F9962CD3CA1E003A43AA /* FirebaseAnalyticsOnDeviceConversion in Frameworks */,
				22E4F98B2CD3BF00003A43AA /* SDWebImageSwiftUI in Frameworks */,
				22E10F342CE66D1F00BA1272 /* GoogleSignIn in Frameworks */,
				22E4F9C22CD3CA1E003A43AA /* FirebaseVertexAI in Frameworks */,
				22E4F97F2CD3BEB9003A43AA /* FirebaseAnalyticsWithoutAdIdSupport in Frameworks */,
				22E10F302CE66CC800BA1272 /* FirebaseAppDistribution-Beta in Frameworks */,
				22E4F9A42CD3CA1E003A43AA /* FirebaseCrashlytics in Frameworks */,
				22E10F282CE66CC800BA1272 /* FirebaseAnalytics in Frameworks */,
				22E4F97D2CD3BEB9003A43AA /* FirebaseAnalyticsOnDeviceConversion in Frameworks */,
				22E4F9862CD3BEE8003A43AA /* GoogleSignIn in Frameworks */,
				22E10F2A2CE66CC800BA1272 /* FirebaseAnalyticsOnDeviceConversion in Frameworks */,
				22E4F9A22CD3CA1E003A43AA /* FirebaseCore in Frameworks */,
				22E4F9B82CD3CA1E003A43AA /* FirebaseMessaging in Frameworks */,
				22E4F99E2CD3CA1E003A43AA /* FirebaseAuth in Frameworks */,
				22E4F9B62CD3CA1E003A43AA /* FirebaseMLModelDownloader in Frameworks */,
				222323C02D148A8F00CD7B68 /* GoogleSignInSwift in Frameworks */,
			);
			runOnlyForDeploymentPostprocessing = 0;
		};
/* End PBXFrameworksBuildPhase section */

/* Begin PBXGroup section */
		0016A1112D2EC84900474CBD /* Renting */ = {
			isa = PBXGroup;
			children = (
				00F5C0C02CAB07B900856E1E /* rentView.swift */,
				00BF079B2C80D21E000404AA /* listingCreation.swift */,
			);
			path = Renting;
			sourceTree = "<group>";
		};
		002ABF5E2C73A3A100FFCC86 = {
			isa = PBXGroup;
			children = (
				002ABF692C73A3A100FFCC86 /* carQuest */,
				002ABF682C73A3A100FFCC86 /* Products */,
				22E4F98C2CD3C002003A43AA /* Frameworks */,
			);
			sourceTree = "<group>";
		};
		002ABF682C73A3A100FFCC86 /* Products */ = {
			isa = PBXGroup;
			children = (
				002ABF672C73A3A100FFCC86 /* carQuest.app */,
			);
			name = Products;
			sourceTree = "<group>";
		};
		002ABF692C73A3A100FFCC86 /* carQuest */ = {
			isa = PBXGroup;
			children = (
				6F2EBC822C948D8F00EF07FC /* Services */,
				6F2EBC812C948D7F00EF07FC /* ViewModels */,
				6F2EBC7F2C948C6400EF07FC /* View */,
				00E32F022C763E9300840AAA /* Font */,
				2287A97C2C94798500EB7D34 /* Utilities */,
				004203902C76233000B7FFCD /* Info.plist */,
				002ABF6A2C73A3A100FFCC86 /* carQuestApp.swift */,
				00CF05322CA313B900E53D2F /* GoogleService-Info.plist */,
				002ABF6E2C73A3A300FFCC86 /* Assets.xcassets */,
				002ABF702C73A3A300FFCC86 /* Preview Content */,
			);
			path = carQuest;
			sourceTree = "<group>";
		};
		002ABF702C73A3A300FFCC86 /* Preview Content */ = {
			isa = PBXGroup;
			children = (
				002ABF712C73A3A300FFCC86 /* Preview Assets.xcassets */,
			);
			path = "Preview Content";
			sourceTree = "<group>";
		};
		00A7236C2D0A012800AF6CEC /* Buying */ = {
			isa = PBXGroup;
			children = (
				00A7236D2D0A014400AF6CEC /* BuyingView.swift */,
			);
			path = Buying;
			sourceTree = "<group>";
		};
		00E32F022C763E9300840AAA /* Font */ = {
			isa = PBXGroup;
			children = (
				00E32F032C763EC100840AAA /* ZingRustDemo-Base.otf */,
				0042038E2C7622E900B7FFCD /* Jost-Regular.ttf */,
			);
			path = Font;
			sourceTree = "<group>";
		};
		00F494842CE644160047BC56 /* Chat */ = {
			isa = PBXGroup;
			children = (
				004B33C12CDBB85100571C1C /* MainChatView.swift */,
				004B33C32CDBBC2100571C1C /* ChatView.swift */,
				00F494852CE644E40047BC56 /* CreateNewMessage.swift */,
			);
			path = Chat;
			sourceTree = "<group>";
		};
		2287A97C2C94798500EB7D34 /* Utilities */ = {
			isa = PBXGroup;
			children = (
				2287A97D2C94799C00EB7D34 /* Utilities.swift */,
				6F2EBC832C948E7100EF07FC /* Constants.swift */,
				6F2EBC852C948E9100EF07FC /* Helpers.swift */,
				6F2EBC872C948EB700EF07FC /* Extensions.swift */,
			);
			path = Utilities;
			sourceTree = "<group>";
		};
		22E4F98C2CD3C002003A43AA /* Frameworks */ = {
			isa = PBXGroup;
			children = (
			);
			name = Frameworks;
			sourceTree = "<group>";
		};
		6F2EBC7F2C948C6400EF07FC /* View */ = {
			isa = PBXGroup;
			children = (
				6F2EBC8A2C948FCC00EF07FC /* ViewsComponents */,
				6F2EBC892C948FA900EF07FC /* Views */,
			);
			path = View;
			sourceTree = "<group>";
		};
		6F2EBC812C948D7F00EF07FC /* ViewModels */ = {
			isa = PBXGroup;
			children = (
				6F2EBCA52C94964500EF07FC /* CarModel.swift */,
				6F2EBCA72C94965300EF07FC /* RideViewModel.swift */,
				6F2EBCA92C9496EE00EF07FC /* UserViewModel.swift */,
				22CB13642CA5A63A00BACD8F /* AuthenticationViewModels.swift */,
				00E74E012CF0D94600196B00 /* ChatViewModel.swift */,
			);
			path = ViewModels;
			sourceTree = "<group>";
		};
		6F2EBC822C948D8F00EF07FC /* Services */ = {
			isa = PBXGroup;
			children = (
				6F2EBCB42C94980800EF07FC /* Authentication */,
				6F2EBCAD2C94979400EF07FC /* FireStore */,
			);
			path = Services;
			sourceTree = "<group>";
		};
		6F2EBC892C948FA900EF07FC /* Views */ = {
			isa = PBXGroup;
			children = (
				002ABF6C2C73A3A100FFCC86 /* ContentView.swift */,
				6F2EBC922C9492CD00EF07FC /* Home */,
				6F2EBC912C94923A00EF07FC /* RideQuest */,
				00F494842CE644160047BC56 /* Chat */,
				6F2EBC902C94921600EF07FC /* Settings */,
				6F2EBC8E2C9491CC00EF07FC /* Profile */,
				6F2EBC8C2C948FEA00EF07FC /* OnBoarding */,
			);
			path = Views;
			sourceTree = "<group>";
		};
		6F2EBC8A2C948FCC00EF07FC /* ViewsComponents */ = {
			isa = PBXGroup;
			children = (
				6F2EBC9F2C94947200EF07FC /* CarBox.swift */,
			);
			path = ViewsComponents;
			sourceTree = "<group>";
		};
		6F2EBC8C2C948FEA00EF07FC /* OnBoarding */ = {
			isa = PBXGroup;
			children = (
				00FB293C2C7E2A1600A67EF1 /* SignInView.swift */,
				22C6DF082C91D31A00F41EB3 /* RootView.swift */,
				22CB13662CA5B5C500BACD8F /* SignUpView.swift */,
				227AF15A2CAD86D2005A23F0 /* ResetPassword.swift */,
			);
			path = OnBoarding;
			sourceTree = "<group>";
		};
		6F2EBC8E2C9491CC00EF07FC /* Profile */ = {
			isa = PBXGroup;
			children = (
				6F2EBC972C94936700EF07FC /* ProfileView.swift */,
				6F2EBC992C94937700EF07FC /* UserProfileView.swift */,
				00A7236A2D09FC2F00AF6CEC /* NotificationsView.swift */,
				00B934352D31680C00213F7F /* OtherUserProfile.swift */,
			);
			path = Profile;
			sourceTree = "<group>";
		};
		6F2EBC902C94921600EF07FC /* Settings */ = {
			isa = PBXGroup;
			children = (
				00A723682D09E47700AF6CEC /* SettingsViews.swift */,
			);
			path = Settings;
			sourceTree = "<group>";
		};
		6F2EBC912C94923A00EF07FC /* RideQuest */ = {
			isa = PBXGroup;
			children = (
				0016A1112D2EC84900474CBD /* Renting */,
				00A7236C2D0A012800AF6CEC /* Buying */,
				005577822CDE777C00E9A69A /* AuctionView.swift */,
				00CF05342CA3144000E53D2F /* listingView.swift */,
				005577842CDE7CC300E9A69A /* AuctionListingView.swift */,
				22D59B642D4D154A00E8961A /* ReviewView.swift */,
			);
			path = RideQuest;
			sourceTree = "<group>";
		};
		6F2EBC922C9492CD00EF07FC /* Home */ = {
			isa = PBXGroup;
			children = (
				6F2EBC9B2C94938400EF07FC /* HomeView.swift */,
			);
			path = Home;
			sourceTree = "<group>";
		};
		6F2EBCAD2C94979400EF07FC /* FireStore */ = {
			isa = PBXGroup;
			children = (
				6F2EBCAE2C9497E100EF07FC /* UserManager.swift */,
				6F2EBCB02C9497EE00EF07FC /* Car.swift */,
				22D59B662D4D208900E8961A /* Review.swift */,
			);
			path = FireStore;
			sourceTree = "<group>";
		};
		6F2EBCB42C94980800EF07FC /* Authentication */ = {
			isa = PBXGroup;
			children = (
				2287A9802C94825D00EB7D34 /* AuthenticationManager.swift */,
				001111412CB56DBB001F877D /* LocationManager.swift */,
				001111432CB58C41001F877D /* ImageManager.swift */,
			);
			path = Authentication;
			sourceTree = "<group>";
		};
/* End PBXGroup section */

/* Begin PBXNativeTarget section */
		002ABF662C73A3A100FFCC86 /* carQuest */ = {
			isa = PBXNativeTarget;
			buildConfigurationList = 002ABF752C73A3A300FFCC86 /* Build configuration list for PBXNativeTarget "carQuest" */;
			buildPhases = (
				002ABF632C73A3A100FFCC86 /* Sources */,
				002ABF642C73A3A100FFCC86 /* Frameworks */,
				002ABF652C73A3A100FFCC86 /* Resources */,
			);
			buildRules = (
			);
			dependencies = (
			);
			name = carQuest;
			packageProductDependencies = (
				22E4F97A2CD3BEB9003A43AA /* FirebaseAnalytics */,
				22E4F97C2CD3BEB9003A43AA /* FirebaseAnalyticsOnDeviceConversion */,
				22E4F97E2CD3BEB9003A43AA /* FirebaseAnalyticsWithoutAdIdSupport */,
				22E4F9802CD3BEB9003A43AA /* FirebaseAppCheck */,
				22E4F9822CD3BEB9003A43AA /* FirebaseAppDistribution-Beta */,
				22E4F9852CD3BEE8003A43AA /* GoogleSignIn */,
				22E4F9872CD3BEE8003A43AA /* GoogleSignInSwift */,
				22E4F98A2CD3BF00003A43AA /* SDWebImageSwiftUI */,
				22E4F98D2CD3C002003A43AA /* FirebaseAuth */,
				22E4F98F2CD3C025003A43AA /* FirebaseFirestore */,
				22E4F9932CD3CA1E003A43AA /* FirebaseAnalytics */,
				22E4F9952CD3CA1E003A43AA /* FirebaseAnalyticsOnDeviceConversion */,
				22E4F9972CD3CA1E003A43AA /* FirebaseAnalyticsWithoutAdIdSupport */,
				22E4F9992CD3CA1E003A43AA /* FirebaseAppCheck */,
				22E4F99B2CD3CA1E003A43AA /* FirebaseAppDistribution-Beta */,
				22E4F99D2CD3CA1E003A43AA /* FirebaseAuth */,
				22E4F99F2CD3CA1E003A43AA /* FirebaseAuthCombine-Community */,
				22E4F9A12CD3CA1E003A43AA /* FirebaseCore */,
				22E4F9A32CD3CA1E003A43AA /* FirebaseCrashlytics */,
				22E4F9A52CD3CA1E003A43AA /* FirebaseDatabase */,
				22E4F9A72CD3CA1E003A43AA /* FirebaseDynamicLinks */,
				22E4F9A92CD3CA1E003A43AA /* FirebaseFirestore */,
				22E4F9AB2CD3CA1E003A43AA /* FirebaseFirestoreCombine-Community */,
				22E4F9AD2CD3CA1E003A43AA /* FirebaseFunctions */,
				22E4F9AF2CD3CA1E003A43AA /* FirebaseFunctionsCombine-Community */,
				22E4F9B12CD3CA1E003A43AA /* FirebaseInAppMessaging-Beta */,
				22E4F9B32CD3CA1E003A43AA /* FirebaseInstallations */,
				22E4F9B52CD3CA1E003A43AA /* FirebaseMLModelDownloader */,
				22E4F9B72CD3CA1E003A43AA /* FirebaseMessaging */,
				22E4F9B92CD3CA1E003A43AA /* FirebasePerformance */,
				22E4F9BB2CD3CA1E003A43AA /* FirebaseRemoteConfig */,
				22E4F9BD2CD3CA1E003A43AA /* FirebaseStorage */,
				22E4F9BF2CD3CA1E003A43AA /* FirebaseStorageCombine-Community */,
				22E4F9C12CD3CA1E003A43AA /* FirebaseVertexAI */,
				22E10F272CE66CC800BA1272 /* FirebaseAnalytics */,
				22E10F292CE66CC800BA1272 /* FirebaseAnalyticsOnDeviceConversion */,
				22E10F2B2CE66CC800BA1272 /* FirebaseAnalyticsWithoutAdIdSupport */,
				22E10F2D2CE66CC800BA1272 /* FirebaseAppCheck */,
				22E10F2F2CE66CC800BA1272 /* FirebaseAppDistribution-Beta */,
				22E10F312CE66D1400BA1272 /* SDWebImageSwiftUI */,
				22E10F332CE66D1F00BA1272 /* GoogleSignIn */,
				22E10F352CE66D1F00BA1272 /* GoogleSignInSwift */,
				222323BD2D148A8F00CD7B68 /* GoogleSignIn */,
				222323BF2D148A8F00CD7B68 /* GoogleSignInSwift */,
			);
			productName = carQuest;
			productReference = 002ABF672C73A3A100FFCC86 /* carQuest.app */;
			productType = "com.apple.product-type.application";
		};
/* End PBXNativeTarget section */

/* Begin PBXProject section */
		002ABF5F2C73A3A100FFCC86 /* Project object */ = {
			isa = PBXProject;
			attributes = {
				BuildIndependentTargetsInParallel = 1;
				LastSwiftUpdateCheck = 1530;
				LastUpgradeCheck = 1530;
				TargetAttributes = {
					002ABF662C73A3A100FFCC86 = {
						CreatedOnToolsVersion = 15.3;
					};
				};
			};
			buildConfigurationList = 002ABF622C73A3A100FFCC86 /* Build configuration list for PBXProject "carQuest" */;
			compatibilityVersion = "Xcode 14.0";
			developmentRegion = en;
			hasScannedForEncodings = 0;
			knownRegions = (
				en,
				Base,
			);
			mainGroup = 002ABF5E2C73A3A100FFCC86;
			packageReferences = (
				22E4F9792CD3BEB9003A43AA /* XCRemoteSwiftPackageReference "firebase-ios-sdk" */,
				22E4F9842CD3BEE8003A43AA /* XCRemoteSwiftPackageReference "GoogleSignIn-iOS" */,
				22E4F9892CD3BF00003A43AA /* XCRemoteSwiftPackageReference "SDWebImageSwiftUI" */,
			);
			productRefGroup = 002ABF682C73A3A100FFCC86 /* Products */;
			projectDirPath = "";
			projectRoot = "";
			targets = (
				002ABF662C73A3A100FFCC86 /* carQuest */,
			);
		};
/* End PBXProject section */

/* Begin PBXResourcesBuildPhase section */
		002ABF652C73A3A100FFCC86 /* Resources */ = {
			isa = PBXResourcesBuildPhase;
			buildActionMask = 2147483647;
			files = (
				002ABF722C73A3A300FFCC86 /* Preview Assets.xcassets in Resources */,
				002ABF6F2C73A3A300FFCC86 /* Assets.xcassets in Resources */,
				0042038F2C7622EA00B7FFCD /* Jost-Regular.ttf in Resources */,
				00E32F042C763EC100840AAA /* ZingRustDemo-Base.otf in Resources */,
				00CF05332CA313B900E53D2F /* GoogleService-Info.plist in Resources */,
			);
			runOnlyForDeploymentPostprocessing = 0;
		};
/* End PBXResourcesBuildPhase section */

/* Begin PBXSourcesBuildPhase section */
		002ABF632C73A3A100FFCC86 /* Sources */ = {
			isa = PBXSourcesBuildPhase;
			buildActionMask = 2147483647;
			files = (
				22CB13652CA5A63A00BACD8F /* AuthenticationViewModels.swift in Sources */,
				00A7236B2D09FC2F00AF6CEC /* NotificationsView.swift in Sources */,
				001111442CB58C41001F877D /* ImageManager.swift in Sources */,
				00F5C0C12CAB07B900856E1E /* rentView.swift in Sources */,
				004B33C42CDBBC2100571C1C /* ChatView.swift in Sources */,
				227AF15B2CAD86D2005A23F0 /* ResetPassword.swift in Sources */,
				22D59B672D4D208900E8961A /* Review.swift in Sources */,
				6F2EBCAF2C9497E100EF07FC /* UserManager.swift in Sources */,
				6F2EBCB12C9497EE00EF07FC /* Car.swift in Sources */,
				22D59B652D4D154A00E8961A /* ReviewView.swift in Sources */,
				00CF05352CA3144000E53D2F /* listingView.swift in Sources */,
				2287A9812C94825D00EB7D34 /* AuthenticationManager.swift in Sources */,
				00FB293D2C7E2A1600A67EF1 /* SignInView.swift in Sources */,
				004B33C22CDBB85100571C1C /* MainChatView.swift in Sources */,
				00A723692D09E47700AF6CEC /* SettingsViews.swift in Sources */,
				6F2EBC862C948E9100EF07FC /* Helpers.swift in Sources */,
				2287A97E2C94799C00EB7D34 /* Utilities.swift in Sources */,
				001111422CB56DBB001F877D /* LocationManager.swift in Sources */,
				00E74E022CF0D94600196B00 /* ChatViewModel.swift in Sources */,
				6F2EBCA62C94964500EF07FC /* CarModel.swift in Sources */,
				22C6DF092C91D31A00F41EB3 /* RootView.swift in Sources */,
				002ABF6D2C73A3A100FFCC86 /* ContentView.swift in Sources */,
				00F494862CE644E40047BC56 /* CreateNewMessage.swift in Sources */,
				00A7236E2D0A014400AF6CEC /* BuyingView.swift in Sources */,
				002ABF6B2C73A3A100FFCC86 /* carQuestApp.swift in Sources */,
				005577832CDE777C00E9A69A /* AuctionView.swift in Sources */,
				00BF079C2C80D21E000404AA /* listingCreation.swift in Sources */,
				005577852CDE7CC300E9A69A /* AuctionListingView.swift in Sources */,
				6F2EBC9A2C94937700EF07FC /* UserProfileView.swift in Sources */,
				6F2EBC882C948EB700EF07FC /* Extensions.swift in Sources */,
				6F2EBC9C2C94938400EF07FC /* HomeView.swift in Sources */,
				00B934362D31680C00213F7F /* OtherUserProfile.swift in Sources */,
				6F2EBC982C94936700EF07FC /* ProfileView.swift in Sources */,
				6F2EBCA82C94965300EF07FC /* RideViewModel.swift in Sources */,
				6F2EBCA02C94947200EF07FC /* CarBox.swift in Sources */,
				22CB13672CA5B5C500BACD8F /* SignUpView.swift in Sources */,
				6F2EBC842C948E7100EF07FC /* Constants.swift in Sources */,
				6F2EBCAA2C9496EE00EF07FC /* UserViewModel.swift in Sources */,
			);
			runOnlyForDeploymentPostprocessing = 0;
		};
/* End PBXSourcesBuildPhase section */

/* Begin XCBuildConfiguration section */
		002ABF732C73A3A300FFCC86 /* Debug */ = {
			isa = XCBuildConfiguration;
			buildSettings = {
				ALWAYS_SEARCH_USER_PATHS = NO;
				ASSETCATALOG_COMPILER_GENERATE_SWIFT_ASSET_SYMBOL_EXTENSIONS = YES;
				CLANG_ANALYZER_NONNULL = YES;
				CLANG_ANALYZER_NUMBER_OBJECT_CONVERSION = YES_AGGRESSIVE;
				CLANG_CXX_LANGUAGE_STANDARD = "gnu++20";
				CLANG_ENABLE_MODULES = YES;
				CLANG_ENABLE_OBJC_ARC = YES;
				CLANG_ENABLE_OBJC_WEAK = YES;
				CLANG_WARN_BLOCK_CAPTURE_AUTORELEASING = YES;
				CLANG_WARN_BOOL_CONVERSION = YES;
				CLANG_WARN_COMMA = YES;
				CLANG_WARN_CONSTANT_CONVERSION = YES;
				CLANG_WARN_DEPRECATED_OBJC_IMPLEMENTATIONS = YES;
				CLANG_WARN_DIRECT_OBJC_ISA_USAGE = YES_ERROR;
				CLANG_WARN_DOCUMENTATION_COMMENTS = YES;
				CLANG_WARN_EMPTY_BODY = YES;
				CLANG_WARN_ENUM_CONVERSION = YES;
				CLANG_WARN_INFINITE_RECURSION = YES;
				CLANG_WARN_INT_CONVERSION = YES;
				CLANG_WARN_NON_LITERAL_NULL_CONVERSION = YES;
				CLANG_WARN_OBJC_IMPLICIT_RETAIN_SELF = YES;
				CLANG_WARN_OBJC_LITERAL_CONVERSION = YES;
				CLANG_WARN_OBJC_ROOT_CLASS = YES_ERROR;
				CLANG_WARN_QUOTED_INCLUDE_IN_FRAMEWORK_HEADER = YES;
				CLANG_WARN_RANGE_LOOP_ANALYSIS = YES;
				CLANG_WARN_STRICT_PROTOTYPES = YES;
				CLANG_WARN_SUSPICIOUS_MOVE = YES;
				CLANG_WARN_UNGUARDED_AVAILABILITY = YES_AGGRESSIVE;
				CLANG_WARN_UNREACHABLE_CODE = YES;
				CLANG_WARN__DUPLICATE_METHOD_MATCH = YES;
				COPY_PHASE_STRIP = NO;
				DEBUG_INFORMATION_FORMAT = dwarf;
				ENABLE_STRICT_OBJC_MSGSEND = YES;
				ENABLE_TESTABILITY = YES;
				ENABLE_USER_SCRIPT_SANDBOXING = YES;
				GCC_C_LANGUAGE_STANDARD = gnu17;
				GCC_DYNAMIC_NO_PIC = NO;
				GCC_NO_COMMON_BLOCKS = YES;
				GCC_OPTIMIZATION_LEVEL = 0;
				GCC_PREPROCESSOR_DEFINITIONS = (
					"DEBUG=1",
					"$(inherited)",
				);
				GCC_WARN_64_TO_32_BIT_CONVERSION = YES;
				GCC_WARN_ABOUT_RETURN_TYPE = YES_ERROR;
				GCC_WARN_UNDECLARED_SELECTOR = YES;
				GCC_WARN_UNINITIALIZED_AUTOS = YES_AGGRESSIVE;
				GCC_WARN_UNUSED_FUNCTION = YES;
				GCC_WARN_UNUSED_VARIABLE = YES;
				IPHONEOS_DEPLOYMENT_TARGET = 17.4;
				LOCALIZATION_PREFERS_STRING_CATALOGS = YES;
				MTL_ENABLE_DEBUG_INFO = INCLUDE_SOURCE;
				MTL_FAST_MATH = YES;
				ONLY_ACTIVE_ARCH = YES;
				SDKROOT = iphoneos;
				SWIFT_ACTIVE_COMPILATION_CONDITIONS = "DEBUG $(inherited)";
				SWIFT_OPTIMIZATION_LEVEL = "-Onone";
			};
			name = Debug;
		};
		002ABF742C73A3A300FFCC86 /* Release */ = {
			isa = XCBuildConfiguration;
			buildSettings = {
				ALWAYS_SEARCH_USER_PATHS = NO;
				ASSETCATALOG_COMPILER_GENERATE_SWIFT_ASSET_SYMBOL_EXTENSIONS = YES;
				CLANG_ANALYZER_NONNULL = YES;
				CLANG_ANALYZER_NUMBER_OBJECT_CONVERSION = YES_AGGRESSIVE;
				CLANG_CXX_LANGUAGE_STANDARD = "gnu++20";
				CLANG_ENABLE_MODULES = YES;
				CLANG_ENABLE_OBJC_ARC = YES;
				CLANG_ENABLE_OBJC_WEAK = YES;
				CLANG_WARN_BLOCK_CAPTURE_AUTORELEASING = YES;
				CLANG_WARN_BOOL_CONVERSION = YES;
				CLANG_WARN_COMMA = YES;
				CLANG_WARN_CONSTANT_CONVERSION = YES;
				CLANG_WARN_DEPRECATED_OBJC_IMPLEMENTATIONS = YES;
				CLANG_WARN_DIRECT_OBJC_ISA_USAGE = YES_ERROR;
				CLANG_WARN_DOCUMENTATION_COMMENTS = YES;
				CLANG_WARN_EMPTY_BODY = YES;
				CLANG_WARN_ENUM_CONVERSION = YES;
				CLANG_WARN_INFINITE_RECURSION = YES;
				CLANG_WARN_INT_CONVERSION = YES;
				CLANG_WARN_NON_LITERAL_NULL_CONVERSION = YES;
				CLANG_WARN_OBJC_IMPLICIT_RETAIN_SELF = YES;
				CLANG_WARN_OBJC_LITERAL_CONVERSION = YES;
				CLANG_WARN_OBJC_ROOT_CLASS = YES_ERROR;
				CLANG_WARN_QUOTED_INCLUDE_IN_FRAMEWORK_HEADER = YES;
				CLANG_WARN_RANGE_LOOP_ANALYSIS = YES;
				CLANG_WARN_STRICT_PROTOTYPES = YES;
				CLANG_WARN_SUSPICIOUS_MOVE = YES;
				CLANG_WARN_UNGUARDED_AVAILABILITY = YES_AGGRESSIVE;
				CLANG_WARN_UNREACHABLE_CODE = YES;
				CLANG_WARN__DUPLICATE_METHOD_MATCH = YES;
				COPY_PHASE_STRIP = NO;
				DEBUG_INFORMATION_FORMAT = "dwarf-with-dsym";
				ENABLE_NS_ASSERTIONS = NO;
				ENABLE_STRICT_OBJC_MSGSEND = YES;
				ENABLE_USER_SCRIPT_SANDBOXING = YES;
				GCC_C_LANGUAGE_STANDARD = gnu17;
				GCC_NO_COMMON_BLOCKS = YES;
				GCC_WARN_64_TO_32_BIT_CONVERSION = YES;
				GCC_WARN_ABOUT_RETURN_TYPE = YES_ERROR;
				GCC_WARN_UNDECLARED_SELECTOR = YES;
				GCC_WARN_UNINITIALIZED_AUTOS = YES_AGGRESSIVE;
				GCC_WARN_UNUSED_FUNCTION = YES;
				GCC_WARN_UNUSED_VARIABLE = YES;
				IPHONEOS_DEPLOYMENT_TARGET = 17.4;
				LOCALIZATION_PREFERS_STRING_CATALOGS = YES;
				MTL_ENABLE_DEBUG_INFO = NO;
				MTL_FAST_MATH = YES;
				SDKROOT = iphoneos;
				SWIFT_COMPILATION_MODE = wholemodule;
				VALIDATE_PRODUCT = YES;
			};
			name = Release;
		};
		002ABF762C73A3A300FFCC86 /* Debug */ = {
			isa = XCBuildConfiguration;
			buildSettings = {
				ASSETCATALOG_COMPILER_APPICON_NAME = AppIcon;
				ASSETCATALOG_COMPILER_GLOBAL_ACCENT_COLOR_NAME = AccentColor;
				CODE_SIGN_STYLE = Automatic;
				CURRENT_PROJECT_VERSION = 1;
				DEVELOPMENT_ASSET_PATHS = "\"carQuest/Preview Content\"";
				DEVELOPMENT_TEAM = ATR84KT8F5;
				ENABLE_PREVIEWS = YES;
				GENERATE_INFOPLIST_FILE = YES;
				INFOPLIST_FILE = carQuest/Info.plist;
				INFOPLIST_KEY_CFBundleDisplayName = "Car Quest";
				INFOPLIST_KEY_NSLocationAlwaysUsageDescription = "";
				INFOPLIST_KEY_NSLocationWhenInUseUsageDescription = 1.0;
				INFOPLIST_KEY_UIApplicationSceneManifest_Generation = YES;
				INFOPLIST_KEY_UIApplicationSupportsIndirectInputEvents = YES;
				INFOPLIST_KEY_UISupportedInterfaceOrientations_iPad = "UIInterfaceOrientationPortrait UIInterfaceOrientationPortraitUpsideDown UIInterfaceOrientationLandscapeLeft UIInterfaceOrientationLandscapeRight";
				INFOPLIST_KEY_UISupportedInterfaceOrientations_iPhone = "UIInterfaceOrientationPortrait UIInterfaceOrientationLandscapeLeft UIInterfaceOrientationLandscapeRight";
				IPHONEOS_DEPLOYMENT_TARGET = 17.0;
				LD_RUNPATH_SEARCH_PATHS = (
					"$(inherited)",
					"@executable_path/Frameworks",
				);
				MARKETING_VERSION = 1.0;
				PRODUCT_BUNDLE_IDENTIFIER = mquinn.carQuest1;
				PRODUCT_NAME = "$(TARGET_NAME)";
				SWIFT_EMIT_LOC_STRINGS = YES;
				SWIFT_VERSION = 5.0;
				TARGETED_DEVICE_FAMILY = "1,2";
			};
			name = Debug;
		};
		002ABF772C73A3A300FFCC86 /* Release */ = {
			isa = XCBuildConfiguration;
			buildSettings = {
				ASSETCATALOG_COMPILER_APPICON_NAME = AppIcon;
				ASSETCATALOG_COMPILER_GLOBAL_ACCENT_COLOR_NAME = AccentColor;
				CODE_SIGN_STYLE = Automatic;
				CURRENT_PROJECT_VERSION = 1;
				DEVELOPMENT_ASSET_PATHS = "\"carQuest/Preview Content\"";
				DEVELOPMENT_TEAM = ATR84KT8F5;
				ENABLE_PREVIEWS = YES;
				GENERATE_INFOPLIST_FILE = YES;
				INFOPLIST_FILE = carQuest/Info.plist;
				INFOPLIST_KEY_CFBundleDisplayName = "Car Quest";
				INFOPLIST_KEY_NSLocationAlwaysUsageDescription = "";
				INFOPLIST_KEY_NSLocationWhenInUseUsageDescription = 1.0;
				INFOPLIST_KEY_UIApplicationSceneManifest_Generation = YES;
				INFOPLIST_KEY_UIApplicationSupportsIndirectInputEvents = YES;
				INFOPLIST_KEY_UISupportedInterfaceOrientations_iPad = "UIInterfaceOrientationPortrait UIInterfaceOrientationPortraitUpsideDown UIInterfaceOrientationLandscapeLeft UIInterfaceOrientationLandscapeRight";
				INFOPLIST_KEY_UISupportedInterfaceOrientations_iPhone = "UIInterfaceOrientationPortrait UIInterfaceOrientationLandscapeLeft UIInterfaceOrientationLandscapeRight";
				IPHONEOS_DEPLOYMENT_TARGET = 17.0;
				LD_RUNPATH_SEARCH_PATHS = (
					"$(inherited)",
					"@executable_path/Frameworks",
				);
				MARKETING_VERSION = 1.0;
				PRODUCT_BUNDLE_IDENTIFIER = mquinn.carQuest1;
				PRODUCT_NAME = "$(TARGET_NAME)";
				SWIFT_EMIT_LOC_STRINGS = YES;
				SWIFT_VERSION = 5.0;
				TARGETED_DEVICE_FAMILY = "1,2";
			};
			name = Release;
		};
/* End XCBuildConfiguration section */

/* Begin XCConfigurationList section */
		002ABF622C73A3A100FFCC86 /* Build configuration list for PBXProject "carQuest" */ = {
			isa = XCConfigurationList;
			buildConfigurations = (
				002ABF732C73A3A300FFCC86 /* Debug */,
				002ABF742C73A3A300FFCC86 /* Release */,
			);
			defaultConfigurationIsVisible = 0;
			defaultConfigurationName = Release;
		};
		002ABF752C73A3A300FFCC86 /* Build configuration list for PBXNativeTarget "carQuest" */ = {
			isa = XCConfigurationList;
			buildConfigurations = (
				002ABF762C73A3A300FFCC86 /* Debug */,
				002ABF772C73A3A300FFCC86 /* Release */,
			);
			defaultConfigurationIsVisible = 0;
			defaultConfigurationName = Release;
		};
/* End XCConfigurationList section */

/* Begin XCRemoteSwiftPackageReference section */
		22E4F9792CD3BEB9003A43AA /* XCRemoteSwiftPackageReference "firebase-ios-sdk" */ = {
			isa = XCRemoteSwiftPackageReference;
			repositoryURL = "https://github.com/firebase/firebase-ios-sdk";
			requirement = {
				kind = upToNextMajorVersion;
				minimumVersion = 11.4.0;
			};
		};
		22E4F9842CD3BEE8003A43AA /* XCRemoteSwiftPackageReference "GoogleSignIn-iOS" */ = {
			isa = XCRemoteSwiftPackageReference;
			repositoryURL = "https://github.com/google/GoogleSignIn-iOS.git";
			requirement = {
				kind = upToNextMajorVersion;
				minimumVersion = 8.0.0;
			};
		};
		22E4F9892CD3BF00003A43AA /* XCRemoteSwiftPackageReference "SDWebImageSwiftUI" */ = {
			isa = XCRemoteSwiftPackageReference;
			repositoryURL = "https://github.com/SDWebImage/SDWebImageSwiftUI.git";
			requirement = {
				kind = upToNextMajorVersion;
				minimumVersion = 3.1.2;
			};
		};
/* End XCRemoteSwiftPackageReference section */

/* Begin XCSwiftPackageProductDependency section */
		222323BD2D148A8F00CD7B68 /* GoogleSignIn */ = {
			isa = XCSwiftPackageProductDependency;
			package = 22E4F9842CD3BEE8003A43AA /* XCRemoteSwiftPackageReference "GoogleSignIn-iOS" */;
			productName = GoogleSignIn;
		};
		222323BF2D148A8F00CD7B68 /* GoogleSignInSwift */ = {
			isa = XCSwiftPackageProductDependency;
			package = 22E4F9842CD3BEE8003A43AA /* XCRemoteSwiftPackageReference "GoogleSignIn-iOS" */;
			productName = GoogleSignInSwift;
		};
		22E10F272CE66CC800BA1272 /* FirebaseAnalytics */ = {
			isa = XCSwiftPackageProductDependency;
			package = 22E4F9792CD3BEB9003A43AA /* XCRemoteSwiftPackageReference "firebase-ios-sdk" */;
			productName = FirebaseAnalytics;
		};
		22E10F292CE66CC800BA1272 /* FirebaseAnalyticsOnDeviceConversion */ = {
			isa = XCSwiftPackageProductDependency;
			package = 22E4F9792CD3BEB9003A43AA /* XCRemoteSwiftPackageReference "firebase-ios-sdk" */;
			productName = FirebaseAnalyticsOnDeviceConversion;
		};
		22E10F2B2CE66CC800BA1272 /* FirebaseAnalyticsWithoutAdIdSupport */ = {
			isa = XCSwiftPackageProductDependency;
			package = 22E4F9792CD3BEB9003A43AA /* XCRemoteSwiftPackageReference "firebase-ios-sdk" */;
			productName = FirebaseAnalyticsWithoutAdIdSupport;
		};
		22E10F2D2CE66CC800BA1272 /* FirebaseAppCheck */ = {
			isa = XCSwiftPackageProductDependency;
			package = 22E4F9792CD3BEB9003A43AA /* XCRemoteSwiftPackageReference "firebase-ios-sdk" */;
			productName = FirebaseAppCheck;
		};
		22E10F2F2CE66CC800BA1272 /* FirebaseAppDistribution-Beta */ = {
			isa = XCSwiftPackageProductDependency;
			package = 22E4F9792CD3BEB9003A43AA /* XCRemoteSwiftPackageReference "firebase-ios-sdk" */;
			productName = "FirebaseAppDistribution-Beta";
		};
		22E10F312CE66D1400BA1272 /* SDWebImageSwiftUI */ = {
			isa = XCSwiftPackageProductDependency;
			package = 22E4F9892CD3BF00003A43AA /* XCRemoteSwiftPackageReference "SDWebImageSwiftUI" */;
			productName = SDWebImageSwiftUI;
		};
		22E10F332CE66D1F00BA1272 /* GoogleSignIn */ = {
			isa = XCSwiftPackageProductDependency;
			package = 22E4F9842CD3BEE8003A43AA /* XCRemoteSwiftPackageReference "GoogleSignIn-iOS" */;
			productName = GoogleSignIn;
		};
		22E10F352CE66D1F00BA1272 /* GoogleSignInSwift */ = {
			isa = XCSwiftPackageProductDependency;
			package = 22E4F9842CD3BEE8003A43AA /* XCRemoteSwiftPackageReference "GoogleSignIn-iOS" */;
			productName = GoogleSignInSwift;
		};
		22E4F97A2CD3BEB9003A43AA /* FirebaseAnalytics */ = {
			isa = XCSwiftPackageProductDependency;
			package = 22E4F9792CD3BEB9003A43AA /* XCRemoteSwiftPackageReference "firebase-ios-sdk" */;
			productName = FirebaseAnalytics;
		};
		22E4F97C2CD3BEB9003A43AA /* FirebaseAnalyticsOnDeviceConversion */ = {
			isa = XCSwiftPackageProductDependency;
			package = 22E4F9792CD3BEB9003A43AA /* XCRemoteSwiftPackageReference "firebase-ios-sdk" */;
			productName = FirebaseAnalyticsOnDeviceConversion;
		};
		22E4F97E2CD3BEB9003A43AA /* FirebaseAnalyticsWithoutAdIdSupport */ = {
			isa = XCSwiftPackageProductDependency;
			package = 22E4F9792CD3BEB9003A43AA /* XCRemoteSwiftPackageReference "firebase-ios-sdk" */;
			productName = FirebaseAnalyticsWithoutAdIdSupport;
		};
		22E4F9802CD3BEB9003A43AA /* FirebaseAppCheck */ = {
			isa = XCSwiftPackageProductDependency;
			package = 22E4F9792CD3BEB9003A43AA /* XCRemoteSwiftPackageReference "firebase-ios-sdk" */;
			productName = FirebaseAppCheck;
		};
		22E4F9822CD3BEB9003A43AA /* FirebaseAppDistribution-Beta */ = {
			isa = XCSwiftPackageProductDependency;
			package = 22E4F9792CD3BEB9003A43AA /* XCRemoteSwiftPackageReference "firebase-ios-sdk" */;
			productName = "FirebaseAppDistribution-Beta";
		};
		22E4F9852CD3BEE8003A43AA /* GoogleSignIn */ = {
			isa = XCSwiftPackageProductDependency;
			package = 22E4F9842CD3BEE8003A43AA /* XCRemoteSwiftPackageReference "GoogleSignIn-iOS" */;
			productName = GoogleSignIn;
		};
		22E4F9872CD3BEE8003A43AA /* GoogleSignInSwift */ = {
			isa = XCSwiftPackageProductDependency;
			package = 22E4F9842CD3BEE8003A43AA /* XCRemoteSwiftPackageReference "GoogleSignIn-iOS" */;
			productName = GoogleSignInSwift;
		};
		22E4F98A2CD3BF00003A43AA /* SDWebImageSwiftUI */ = {
			isa = XCSwiftPackageProductDependency;
			package = 22E4F9892CD3BF00003A43AA /* XCRemoteSwiftPackageReference "SDWebImageSwiftUI" */;
			productName = SDWebImageSwiftUI;
		};
		22E4F98D2CD3C002003A43AA /* FirebaseAuth */ = {
			isa = XCSwiftPackageProductDependency;
			package = 22E4F9792CD3BEB9003A43AA /* XCRemoteSwiftPackageReference "firebase-ios-sdk" */;
			productName = FirebaseAuth;
		};
		22E4F98F2CD3C025003A43AA /* FirebaseFirestore */ = {
			isa = XCSwiftPackageProductDependency;
			package = 22E4F9792CD3BEB9003A43AA /* XCRemoteSwiftPackageReference "firebase-ios-sdk" */;
			productName = FirebaseFirestore;
		};
		22E4F9932CD3CA1E003A43AA /* FirebaseAnalytics */ = {
			isa = XCSwiftPackageProductDependency;
			package = 22E4F9792CD3BEB9003A43AA /* XCRemoteSwiftPackageReference "firebase-ios-sdk" */;
			productName = FirebaseAnalytics;
		};
		22E4F9952CD3CA1E003A43AA /* FirebaseAnalyticsOnDeviceConversion */ = {
			isa = XCSwiftPackageProductDependency;
			package = 22E4F9792CD3BEB9003A43AA /* XCRemoteSwiftPackageReference "firebase-ios-sdk" */;
			productName = FirebaseAnalyticsOnDeviceConversion;
		};
		22E4F9972CD3CA1E003A43AA /* FirebaseAnalyticsWithoutAdIdSupport */ = {
			isa = XCSwiftPackageProductDependency;
			package = 22E4F9792CD3BEB9003A43AA /* XCRemoteSwiftPackageReference "firebase-ios-sdk" */;
			productName = FirebaseAnalyticsWithoutAdIdSupport;
		};
		22E4F9992CD3CA1E003A43AA /* FirebaseAppCheck */ = {
			isa = XCSwiftPackageProductDependency;
			package = 22E4F9792CD3BEB9003A43AA /* XCRemoteSwiftPackageReference "firebase-ios-sdk" */;
			productName = FirebaseAppCheck;
		};
		22E4F99B2CD3CA1E003A43AA /* FirebaseAppDistribution-Beta */ = {
			isa = XCSwiftPackageProductDependency;
			package = 22E4F9792CD3BEB9003A43AA /* XCRemoteSwiftPackageReference "firebase-ios-sdk" */;
			productName = "FirebaseAppDistribution-Beta";
		};
		22E4F99D2CD3CA1E003A43AA /* FirebaseAuth */ = {
			isa = XCSwiftPackageProductDependency;
			package = 22E4F9792CD3BEB9003A43AA /* XCRemoteSwiftPackageReference "firebase-ios-sdk" */;
			productName = FirebaseAuth;
		};
		22E4F99F2CD3CA1E003A43AA /* FirebaseAuthCombine-Community */ = {
			isa = XCSwiftPackageProductDependency;
			package = 22E4F9792CD3BEB9003A43AA /* XCRemoteSwiftPackageReference "firebase-ios-sdk" */;
			productName = "FirebaseAuthCombine-Community";
		};
		22E4F9A12CD3CA1E003A43AA /* FirebaseCore */ = {
			isa = XCSwiftPackageProductDependency;
			package = 22E4F9792CD3BEB9003A43AA /* XCRemoteSwiftPackageReference "firebase-ios-sdk" */;
			productName = FirebaseCore;
		};
		22E4F9A32CD3CA1E003A43AA /* FirebaseCrashlytics */ = {
			isa = XCSwiftPackageProductDependency;
			package = 22E4F9792CD3BEB9003A43AA /* XCRemoteSwiftPackageReference "firebase-ios-sdk" */;
			productName = FirebaseCrashlytics;
		};
		22E4F9A52CD3CA1E003A43AA /* FirebaseDatabase */ = {
			isa = XCSwiftPackageProductDependency;
			package = 22E4F9792CD3BEB9003A43AA /* XCRemoteSwiftPackageReference "firebase-ios-sdk" */;
			productName = FirebaseDatabase;
		};
		22E4F9A72CD3CA1E003A43AA /* FirebaseDynamicLinks */ = {
			isa = XCSwiftPackageProductDependency;
			package = 22E4F9792CD3BEB9003A43AA /* XCRemoteSwiftPackageReference "firebase-ios-sdk" */;
			productName = FirebaseDynamicLinks;
		};
		22E4F9A92CD3CA1E003A43AA /* FirebaseFirestore */ = {
			isa = XCSwiftPackageProductDependency;
			package = 22E4F9792CD3BEB9003A43AA /* XCRemoteSwiftPackageReference "firebase-ios-sdk" */;
			productName = FirebaseFirestore;
		};
		22E4F9AB2CD3CA1E003A43AA /* FirebaseFirestoreCombine-Community */ = {
			isa = XCSwiftPackageProductDependency;
			package = 22E4F9792CD3BEB9003A43AA /* XCRemoteSwiftPackageReference "firebase-ios-sdk" */;
			productName = "FirebaseFirestoreCombine-Community";
		};
		22E4F9AD2CD3CA1E003A43AA /* FirebaseFunctions */ = {
			isa = XCSwiftPackageProductDependency;
			package = 22E4F9792CD3BEB9003A43AA /* XCRemoteSwiftPackageReference "firebase-ios-sdk" */;
			productName = FirebaseFunctions;
		};
		22E4F9AF2CD3CA1E003A43AA /* FirebaseFunctionsCombine-Community */ = {
			isa = XCSwiftPackageProductDependency;
			package = 22E4F9792CD3BEB9003A43AA /* XCRemoteSwiftPackageReference "firebase-ios-sdk" */;
			productName = "FirebaseFunctionsCombine-Community";
		};
		22E4F9B12CD3CA1E003A43AA /* FirebaseInAppMessaging-Beta */ = {
			isa = XCSwiftPackageProductDependency;
			package = 22E4F9792CD3BEB9003A43AA /* XCRemoteSwiftPackageReference "firebase-ios-sdk" */;
			productName = "FirebaseInAppMessaging-Beta";
		};
		22E4F9B32CD3CA1E003A43AA /* FirebaseInstallations */ = {
			isa = XCSwiftPackageProductDependency;
			package = 22E4F9792CD3BEB9003A43AA /* XCRemoteSwiftPackageReference "firebase-ios-sdk" */;
			productName = FirebaseInstallations;
		};
		22E4F9B52CD3CA1E003A43AA /* FirebaseMLModelDownloader */ = {
			isa = XCSwiftPackageProductDependency;
			package = 22E4F9792CD3BEB9003A43AA /* XCRemoteSwiftPackageReference "firebase-ios-sdk" */;
			productName = FirebaseMLModelDownloader;
		};
		22E4F9B72CD3CA1E003A43AA /* FirebaseMessaging */ = {
			isa = XCSwiftPackageProductDependency;
			package = 22E4F9792CD3BEB9003A43AA /* XCRemoteSwiftPackageReference "firebase-ios-sdk" */;
			productName = FirebaseMessaging;
		};
		22E4F9B92CD3CA1E003A43AA /* FirebasePerformance */ = {
			isa = XCSwiftPackageProductDependency;
			package = 22E4F9792CD3BEB9003A43AA /* XCRemoteSwiftPackageReference "firebase-ios-sdk" */;
			productName = FirebasePerformance;
		};
		22E4F9BB2CD3CA1E003A43AA /* FirebaseRemoteConfig */ = {
			isa = XCSwiftPackageProductDependency;
			package = 22E4F9792CD3BEB9003A43AA /* XCRemoteSwiftPackageReference "firebase-ios-sdk" */;
			productName = FirebaseRemoteConfig;
		};
		22E4F9BD2CD3CA1E003A43AA /* FirebaseStorage */ = {
			isa = XCSwiftPackageProductDependency;
			package = 22E4F9792CD3BEB9003A43AA /* XCRemoteSwiftPackageReference "firebase-ios-sdk" */;
			productName = FirebaseStorage;
		};
		22E4F9BF2CD3CA1E003A43AA /* FirebaseStorageCombine-Community */ = {
			isa = XCSwiftPackageProductDependency;
			package = 22E4F9792CD3BEB9003A43AA /* XCRemoteSwiftPackageReference "firebase-ios-sdk" */;
			productName = "FirebaseStorageCombine-Community";
		};
		22E4F9C12CD3CA1E003A43AA /* FirebaseVertexAI */ = {
			isa = XCSwiftPackageProductDependency;
			package = 22E4F9792CD3BEB9003A43AA /* XCRemoteSwiftPackageReference "firebase-ios-sdk" */;
			productName = FirebaseVertexAI;
		};
/* End XCSwiftPackageProductDependency section */
	};
	rootObject = 002ABF5F2C73A3A100FFCC86 /* Project object */;
}
